// !$*UTF8*$!
{
	archiveVersion = 1;
	classes = {
	};
	objectVersion = 46;
	objects = {

/* Begin PBXBuildFile section */
		1DDD58160DA1D0A300B32029 /* MainMenu.xib in Resources */ = {isa = PBXBuildFile; fileRef = 1DDD58140DA1D0A300B32029 /* MainMenu.xib */; };
		631CEE43111309E40005372F /* GLibraryManager.h in Headers */ = {isa = PBXBuildFile; fileRef = 631CEE41111309E40005372F /* GLibraryManager.h */; };
		631CEE44111309E40005372F /* GLibraryManager.m in Sources */ = {isa = PBXBuildFile; fileRef = 631CEE42111309E40005372F /* GLibraryManager.m */; };
		63274DF6105A0DDD005AC3BA /* GMainWindowController.m in Sources */ = {isa = PBXBuildFile; fileRef = 63274DF5105A0DDD005AC3BA /* GMainWindowController.m */; };
		63349B1010B596F4000155E2 /* Preferences.xib in Resources */ = {isa = PBXBuildFile; fileRef = 63349B0F10B596F4000155E2 /* Preferences.xib */; };
		634CADC3110095EF00BFC105 /* GDirectoryWatcher.h in Headers */ = {isa = PBXBuildFile; fileRef = 634CADC1110095EF00BFC105 /* GDirectoryWatcher.h */; };
		634CADC4110095EF00BFC105 /* GDirectoryWatcher.m in Sources */ = {isa = PBXBuildFile; fileRef = 634CADC2110095EF00BFC105 /* GDirectoryWatcher.m */; };
		635CBAB510B675F800D82472 /* GUtilities.m in Sources */ = {isa = PBXBuildFile; fileRef = 635CBAB410B675F800D82472 /* GUtilities.m */; };
		63668AE61084CD0100CC02E5 /* GXSPFPlaylist.m in Sources */ = {isa = PBXBuildFile; fileRef = 63668AE51084CD0100CC02E5 /* GXSPFPlaylist.m */; };
		63668AE91084CD0A00CC02E5 /* GM3UPlaylist.m in Sources */ = {isa = PBXBuildFile; fileRef = 63668AE81084CD0A00CC02E5 /* GM3UPlaylist.m */; };
		638390811058B30000DCE47D /* LICENSE in Resources */ = {isa = PBXBuildFile; fileRef = 6383907F1058B30000DCE47D /* LICENSE */; };
		638390821058B30000DCE47D /* README in Resources */ = {isa = PBXBuildFile; fileRef = 638390801058B30000DCE47D /* README */; };
		638392261058D34C00DCE47D /* GAppController.m in Sources */ = {isa = PBXBuildFile; fileRef = 638392251058D34C00DCE47D /* GAppController.m */; };
		638392BE1058D9CA00DCE47D /* MainWindow.xib in Resources */ = {isa = PBXBuildFile; fileRef = 638392BD1058D9CA00DCE47D /* MainWindow.xib */; };
		63917FB41062871C00DDF469 /* GTrack.m in Sources */ = {isa = PBXBuildFile; fileRef = 63917FB31062871C00DDF469 /* GTrack.m */; };
		63ECAFC5105B59A000E635C7 /* GPlaylistViewController.m in Sources */ = {isa = PBXBuildFile; fileRef = 63ECAFC4105B59A000E635C7 /* GPlaylistViewController.m */; };
		89EF36E41121C54A00FB9A38 /* CoreServices.framework in Frameworks */ = {isa = PBXBuildFile; fileRef = 89EF36E11121C54A00FB9A38 /* CoreServices.framework */; };
		89EF36E51121C54A00FB9A38 /* AudioUnit.framework in Frameworks */ = {isa = PBXBuildFile; fileRef = 89EF36E21121C54A00FB9A38 /* AudioUnit.framework */; };
		89EF36E61121C54A00FB9A38 /* AudioToolbox.framework in Frameworks */ = {isa = PBXBuildFile; fileRef = 89EF36E31121C54A00FB9A38 /* AudioToolbox.framework */; };
		89EF370C1121C66700FB9A38 /* AUOutputBL.cpp in Sources */ = {isa = PBXBuildFile; fileRef = 89EF36FD1121C66700FB9A38 /* AUOutputBL.cpp */; };
		89EF370D1121C66700FB9A38 /* AUOutputBL.h in Headers */ = {isa = PBXBuildFile; fileRef = 89EF36FE1121C66700FB9A38 /* AUOutputBL.h */; };
		89EF370E1121C66700FB9A38 /* CAAudioChannelLayout.cpp in Sources */ = {isa = PBXBuildFile; fileRef = 89EF36FF1121C66700FB9A38 /* CAAudioChannelLayout.cpp */; };
		89EF370F1121C66700FB9A38 /* CAAudioChannelLayout.h in Headers */ = {isa = PBXBuildFile; fileRef = 89EF37001121C66700FB9A38 /* CAAudioChannelLayout.h */; };
		89EF37101121C66700FB9A38 /* CAAudioChannelLayoutObject.cpp in Sources */ = {isa = PBXBuildFile; fileRef = 89EF37011121C66700FB9A38 /* CAAudioChannelLayoutObject.cpp */; };
		89EF37111121C66700FB9A38 /* CAAudioUnit.cpp in Sources */ = {isa = PBXBuildFile; fileRef = 89EF37021121C66700FB9A38 /* CAAudioUnit.cpp */; };
		89EF37121121C66700FB9A38 /* CAAudioUnit.h in Headers */ = {isa = PBXBuildFile; fileRef = 89EF37031121C66700FB9A38 /* CAAudioUnit.h */; };
		89EF37131121C66700FB9A38 /* CAComponent.cpp in Sources */ = {isa = PBXBuildFile; fileRef = 89EF37041121C66700FB9A38 /* CAComponent.cpp */; };
		89EF37141121C66700FB9A38 /* CAComponent.h in Headers */ = {isa = PBXBuildFile; fileRef = 89EF37051121C66700FB9A38 /* CAComponent.h */; };
		89EF37151121C66700FB9A38 /* CAComponentDescription.cpp in Sources */ = {isa = PBXBuildFile; fileRef = 89EF37061121C66700FB9A38 /* CAComponentDescription.cpp */; };
		89EF37161121C66700FB9A38 /* CAComponentDescription.h in Headers */ = {isa = PBXBuildFile; fileRef = 89EF37071121C66700FB9A38 /* CAComponentDescription.h */; };
		89EF37171121C66700FB9A38 /* CAXException.h in Headers */ = {isa = PBXBuildFile; fileRef = 89EF37081121C66700FB9A38 /* CAXException.h */; };
		89EF37181121C66700FB9A38 /* CAXException.cpp in Sources */ = {isa = PBXBuildFile; fileRef = 89EF37091121C66700FB9A38 /* CAXException.cpp */; };
		89EF37191121C66700FB9A38 /* CAStreamBasicDescription.cpp in Sources */ = {isa = PBXBuildFile; fileRef = 89EF370A1121C66700FB9A38 /* CAStreamBasicDescription.cpp */; };
		89EF371A1121C66700FB9A38 /* CAStreamBasicDescription.h in Headers */ = {isa = PBXBuildFile; fileRef = 89EF370B1121C66700FB9A38 /* CAStreamBasicDescription.h */; };
		8D11072B0486CEB800E47090 /* InfoPlist.strings in Resources */ = {isa = PBXBuildFile; fileRef = 089C165CFE840E0CC02AAC07 /* InfoPlist.strings */; };
		8D11072D0486CEB800E47090 /* main.m in Sources */ = {isa = PBXBuildFile; fileRef = 29B97316FDCFA39411CA2CEA /* main.m */; settings = {ATTRIBUTES = (); }; };
		8D11072F0486CEB800E47090 /* Cocoa.framework in Frameworks */ = {isa = PBXBuildFile; fileRef = 1058C7A1FEA54F0111CA2CBB /* Cocoa.framework */; };
		C521D6B1111F1A6B008B1179 /* MetaEditor.xib in Resources */ = {isa = PBXBuildFile; fileRef = C521D6B0111F1A6B008B1179 /* MetaEditor.xib */; };
		C54EC3F6111B5D45008D852B /* libtag.1.7.0.dylib in Frameworks */ = {isa = PBXBuildFile; fileRef = C54EC3F5111B5D45008D852B /* libtag.1.7.0.dylib */; };
		C54EC3F7111B5D4A008D852B /* libtag.1.7.0.dylib in CopyFiles */ = {isa = PBXBuildFile; fileRef = C54EC3F5111B5D45008D852B /* libtag.1.7.0.dylib */; };
		C54EC421111C4B25008D852B /* GMetadataEditorController.h in Headers */ = {isa = PBXBuildFile; fileRef = C54EC41F111C4B25008D852B /* GMetadataEditorController.h */; };
		C54EC422111C4B25008D852B /* GMetadataEditorController.m in Sources */ = {isa = PBXBuildFile; fileRef = C54EC420111C4B25008D852B /* GMetadataEditorController.m */; };
		C551BA7B10B54F2E00174867 /* Credits.html in Resources */ = {isa = PBXBuildFile; fileRef = C551BA7A10B54F2E00174867 /* Credits.html */; };
		C566A013107B1A7F000D322E /* HACKING in Resources */ = {isa = PBXBuildFile; fileRef = C566A012107B1A7F000D322E /* HACKING */; };
		C581284F10B80EDF00BBF0F6 /* GPreferencesController.m in Sources */ = {isa = PBXBuildFile; fileRef = C581284E10B80EDF00BBF0F6 /* GPreferencesController.m */; };
		C58308B5111FFC550089D77F /* GoonjFFdown.png in Resources */ = {isa = PBXBuildFile; fileRef = C58308AF111FFC550089D77F /* GoonjFFdown.png */; };
		C58308B6111FFC550089D77F /* GoonjFFup.png in Resources */ = {isa = PBXBuildFile; fileRef = C58308B0111FFC550089D77F /* GoonjFFup.png */; };
		C58308B7111FFC550089D77F /* GoonjPlaydown.png in Resources */ = {isa = PBXBuildFile; fileRef = C58308B1111FFC550089D77F /* GoonjPlaydown.png */; };
		C58308B8111FFC550089D77F /* GoonjPlayup.png in Resources */ = {isa = PBXBuildFile; fileRef = C58308B2111FFC550089D77F /* GoonjPlayup.png */; };
		C58308B9111FFC550089D77F /* GoonjRewinddown.png in Resources */ = {isa = PBXBuildFile; fileRef = C58308B3111FFC550089D77F /* GoonjRewinddown.png */; };
		C58308BA111FFC550089D77F /* GoonjRewindup.png in Resources */ = {isa = PBXBuildFile; fileRef = C58308B4111FFC550089D77F /* GoonjRewindup.png */; };
		C58308FC1120436A0089D77F /* GPlaybackController.h in Headers */ = {isa = PBXBuildFile; fileRef = C58308FA1120436A0089D77F /* GPlaybackController.h */; };
		C58308FD1120436A0089D77F /* GPlaybackController.m in Sources */ = {isa = PBXBuildFile; fileRef = C58308FB1120436A0089D77F /* GPlaybackController.m */; };
		C5D1E989111362F600C3898B /* BWToolkitFramework.framework in Frameworks */ = {isa = PBXBuildFile; fileRef = C5D1E988111362F600C3898B /* BWToolkitFramework.framework */; };
		C5D1E9BA1113630500C3898B /* BWToolkitFramework.framework in CopyFiles */ = {isa = PBXBuildFile; fileRef = C5D1E988111362F600C3898B /* BWToolkitFramework.framework */; };
		C5D6AB5B10ED515200D53F25 /* GStatusBar.png in Resources */ = {isa = PBXBuildFile; fileRef = C5D6AB5910ED515200D53F25 /* GStatusBar.png */; };
		C5D6AB5C10ED515200D53F25 /* GStatusBarAlternate.png in Resources */ = {isa = PBXBuildFile; fileRef = C5D6AB5A10ED515200D53F25 /* GStatusBarAlternate.png */; };
		C5E55E931104D70E002A64E5 /* GVolumeHigh.png in Resources */ = {isa = PBXBuildFile; fileRef = C5E55E911104D70E002A64E5 /* GVolumeHigh.png */; };
		C5E55E941104D70E002A64E5 /* GVolumeLow.png in Resources */ = {isa = PBXBuildFile; fileRef = C5E55E921104D70E002A64E5 /* GVolumeLow.png */; };
		C5FA7194114F930A000A5AC3 /* Library.xcdatamodel in Sources */ = {isa = PBXBuildFile; fileRef = C5FA7193114F930A000A5AC3 /* Library.xcdatamodel */; };
/* End PBXBuildFile section */

/* Begin PBXCopyFilesBuildPhase section */
		C5E55EF91104EF50002A64E5 /* CopyFiles */ = {
			isa = PBXCopyFilesBuildPhase;
			buildActionMask = 2147483647;
			dstPath = "";
			dstSubfolderSpec = 10;
			files = (
				C54EC3F7111B5D4A008D852B /* libtag.1.7.0.dylib in CopyFiles */,
				C5D1E9BA1113630500C3898B /* BWToolkitFramework.framework in CopyFiles */,
			);
			runOnlyForDeploymentPostprocessing = 0;
		};
/* End PBXCopyFilesBuildPhase section */

/* Begin PBXFileReference section */
		089C165DFE840E0CC02AAC07 /* English */ = {isa = PBXFileReference; fileEncoding = 10; lastKnownFileType = text.plist.strings; name = English; path = English.lproj/InfoPlist.strings; sourceTree = "<group>"; };
		1058C7A1FEA54F0111CA2CBB /* Cocoa.framework */ = {isa = PBXFileReference; lastKnownFileType = wrapper.framework; name = Cocoa.framework; path = /System/Library/Frameworks/Cocoa.framework; sourceTree = "<absolute>"; };
		1DDD58150DA1D0A300B32029 /* English */ = {isa = PBXFileReference; lastKnownFileType = file.xib; name = English; path = English.lproj/MainMenu.xib; sourceTree = "<group>"; };
		29B97316FDCFA39411CA2CEA /* main.m */ = {isa = PBXFileReference; fileEncoding = 4; lastKnownFileType = sourcecode.c.objc; path = main.m; sourceTree = "<group>"; };
		32CA4F630368D1EE00C91783 /* Goonj_Prefix.pch */ = {isa = PBXFileReference; fileEncoding = 4; lastKnownFileType = sourcecode.c.h; path = Goonj_Prefix.pch; sourceTree = "<group>"; };
		631CEE41111309E40005372F /* GLibraryManager.h */ = {isa = PBXFileReference; fileEncoding = 4; lastKnownFileType = sourcecode.c.h; path = GLibraryManager.h; sourceTree = "<group>"; };
		631CEE42111309E40005372F /* GLibraryManager.m */ = {isa = PBXFileReference; fileEncoding = 4; lastKnownFileType = sourcecode.c.objc; path = GLibraryManager.m; sourceTree = "<group>"; };
		63274DF4105A0DDD005AC3BA /* GMainWindowController.h */ = {isa = PBXFileReference; fileEncoding = 4; lastKnownFileType = sourcecode.c.h; path = GMainWindowController.h; sourceTree = "<group>"; };
		63274DF5105A0DDD005AC3BA /* GMainWindowController.m */ = {isa = PBXFileReference; fileEncoding = 4; lastKnownFileType = sourcecode.c.objc; path = GMainWindowController.m; sourceTree = "<group>"; };
		634CADC1110095EF00BFC105 /* GDirectoryWatcher.h */ = {isa = PBXFileReference; fileEncoding = 4; lastKnownFileType = sourcecode.c.h; path = GDirectoryWatcher.h; sourceTree = "<group>"; };
		634CADC2110095EF00BFC105 /* GDirectoryWatcher.m */ = {isa = PBXFileReference; fileEncoding = 4; lastKnownFileType = sourcecode.c.objc; path = GDirectoryWatcher.m; sourceTree = "<group>"; };
		635CBAB310B675F800D82472 /* GUtilities.h */ = {isa = PBXFileReference; fileEncoding = 4; lastKnownFileType = sourcecode.c.h; path = GUtilities.h; sourceTree = "<group>"; };
		635CBAB410B675F800D82472 /* GUtilities.m */ = {isa = PBXFileReference; fileEncoding = 4; lastKnownFileType = sourcecode.c.objc; path = GUtilities.m; sourceTree = "<group>"; };
		63668AE41084CD0100CC02E5 /* GXSPFPlaylist.h */ = {isa = PBXFileReference; fileEncoding = 4; lastKnownFileType = sourcecode.c.h; path = GXSPFPlaylist.h; sourceTree = "<group>"; };
		63668AE51084CD0100CC02E5 /* GXSPFPlaylist.m */ = {isa = PBXFileReference; fileEncoding = 4; lastKnownFileType = sourcecode.c.objc; path = GXSPFPlaylist.m; sourceTree = "<group>"; };
		63668AE71084CD0A00CC02E5 /* GM3UPlaylist.h */ = {isa = PBXFileReference; fileEncoding = 4; lastKnownFileType = sourcecode.c.h; path = GM3UPlaylist.h; sourceTree = "<group>"; };
		63668AE81084CD0A00CC02E5 /* GM3UPlaylist.m */ = {isa = PBXFileReference; fileEncoding = 4; lastKnownFileType = sourcecode.c.objc; path = GM3UPlaylist.m; sourceTree = "<group>"; };
		6383907F1058B30000DCE47D /* LICENSE */ = {isa = PBXFileReference; fileEncoding = 4; lastKnownFileType = text; path = LICENSE; sourceTree = "<group>"; };
		638390801058B30000DCE47D /* README */ = {isa = PBXFileReference; fileEncoding = 4; lastKnownFileType = text; path = README; sourceTree = "<group>"; };
		6383914A1058BE6C00DCE47D /* English */ = {isa = PBXFileReference; lastKnownFileType = file.xib; name = English; path = English.lproj/MainWindow.xib; sourceTree = "<group>"; };
		638392241058D34C00DCE47D /* GAppController.h */ = {isa = PBXFileReference; fileEncoding = 4; lastKnownFileType = sourcecode.c.h; path = GAppController.h; sourceTree = "<group>"; };
		638392251058D34C00DCE47D /* GAppController.m */ = {isa = PBXFileReference; fileEncoding = 4; lastKnownFileType = sourcecode.c.objc; path = GAppController.m; sourceTree = "<group>"; };
		63917FB21062871C00DDF469 /* GTrack.h */ = {isa = PBXFileReference; explicitFileType = sourcecode.cpp.objcpp; fileEncoding = 4; includeInIndex = 0; path = GTrack.h; sourceTree = "<group>"; };
		63917FB31062871C00DDF469 /* GTrack.m */ = {isa = PBXFileReference; explicitFileType = sourcecode.cpp.objcpp; fileEncoding = 4; path = GTrack.m; sourceTree = "<group>"; };
		63ECAFC3105B59A000E635C7 /* GPlaylistViewController.h */ = {isa = PBXFileReference; fileEncoding = 4; lastKnownFileType = sourcecode.c.h; path = GPlaylistViewController.h; sourceTree = "<group>"; };
		63ECAFC4105B59A000E635C7 /* GPlaylistViewController.m */ = {isa = PBXFileReference; fileEncoding = 4; lastKnownFileType = sourcecode.c.objc; path = GPlaylistViewController.m; sourceTree = "<group>"; };
		89EF36E11121C54A00FB9A38 /* CoreServices.framework */ = {isa = PBXFileReference; lastKnownFileType = wrapper.framework; name = CoreServices.framework; path = /System/Library/Frameworks/CoreServices.framework; sourceTree = "<absolute>"; };
		89EF36E21121C54A00FB9A38 /* AudioUnit.framework */ = {isa = PBXFileReference; lastKnownFileType = wrapper.framework; name = AudioUnit.framework; path = /System/Library/Frameworks/AudioUnit.framework; sourceTree = "<absolute>"; };
		89EF36E31121C54A00FB9A38 /* AudioToolbox.framework */ = {isa = PBXFileReference; lastKnownFileType = wrapper.framework; name = AudioToolbox.framework; path = /System/Library/Frameworks/AudioToolbox.framework; sourceTree = "<absolute>"; };
		89EF36FD1121C66700FB9A38 /* AUOutputBL.cpp */ = {isa = PBXFileReference; fileEncoding = 4; lastKnownFileType = sourcecode.cpp.cpp; name = AUOutputBL.cpp; path = Extras/CoreAudio/PublicUtility/AUOutputBL.cpp; sourceTree = DEVELOPER_DIR; };
		89EF36FE1121C66700FB9A38 /* AUOutputBL.h */ = {isa = PBXFileReference; fileEncoding = 4; lastKnownFileType = sourcecode.c.h; name = AUOutputBL.h; path = Extras/CoreAudio/PublicUtility/AUOutputBL.h; sourceTree = DEVELOPER_DIR; };
		89EF36FF1121C66700FB9A38 /* CAAudioChannelLayout.cpp */ = {isa = PBXFileReference; fileEncoding = 4; lastKnownFileType = sourcecode.cpp.cpp; name = CAAudioChannelLayout.cpp; path = Extras/CoreAudio/PublicUtility/CAAudioChannelLayout.cpp; sourceTree = DEVELOPER_DIR; };
		89EF37001121C66700FB9A38 /* CAAudioChannelLayout.h */ = {isa = PBXFileReference; fileEncoding = 4; lastKnownFileType = sourcecode.c.h; name = CAAudioChannelLayout.h; path = Extras/CoreAudio/PublicUtility/CAAudioChannelLayout.h; sourceTree = DEVELOPER_DIR; };
		89EF37011121C66700FB9A38 /* CAAudioChannelLayoutObject.cpp */ = {isa = PBXFileReference; fileEncoding = 4; lastKnownFileType = sourcecode.cpp.cpp; name = CAAudioChannelLayoutObject.cpp; path = Extras/CoreAudio/PublicUtility/CAAudioChannelLayoutObject.cpp; sourceTree = DEVELOPER_DIR; };
		89EF37021121C66700FB9A38 /* CAAudioUnit.cpp */ = {isa = PBXFileReference; fileEncoding = 4; lastKnownFileType = sourcecode.cpp.cpp; name = CAAudioUnit.cpp; path = Extras/CoreAudio/PublicUtility/CAAudioUnit.cpp; sourceTree = DEVELOPER_DIR; };
		89EF37031121C66700FB9A38 /* CAAudioUnit.h */ = {isa = PBXFileReference; fileEncoding = 4; lastKnownFileType = sourcecode.c.h; name = CAAudioUnit.h; path = Extras/CoreAudio/PublicUtility/CAAudioUnit.h; sourceTree = DEVELOPER_DIR; };
		89EF37041121C66700FB9A38 /* CAComponent.cpp */ = {isa = PBXFileReference; fileEncoding = 4; lastKnownFileType = sourcecode.cpp.cpp; name = CAComponent.cpp; path = Extras/CoreAudio/PublicUtility/CAComponent.cpp; sourceTree = DEVELOPER_DIR; };
		89EF37051121C66700FB9A38 /* CAComponent.h */ = {isa = PBXFileReference; fileEncoding = 4; lastKnownFileType = sourcecode.c.h; name = CAComponent.h; path = Extras/CoreAudio/PublicUtility/CAComponent.h; sourceTree = DEVELOPER_DIR; };
		89EF37061121C66700FB9A38 /* CAComponentDescription.cpp */ = {isa = PBXFileReference; fileEncoding = 4; lastKnownFileType = sourcecode.cpp.cpp; name = CAComponentDescription.cpp; path = Extras/CoreAudio/PublicUtility/CAComponentDescription.cpp; sourceTree = DEVELOPER_DIR; };
		89EF37071121C66700FB9A38 /* CAComponentDescription.h */ = {isa = PBXFileReference; fileEncoding = 4; lastKnownFileType = sourcecode.c.h; name = CAComponentDescription.h; path = Extras/CoreAudio/PublicUtility/CAComponentDescription.h; sourceTree = DEVELOPER_DIR; };
		89EF37081121C66700FB9A38 /* CAXException.h */ = {isa = PBXFileReference; fileEncoding = 4; lastKnownFileType = sourcecode.c.h; name = CAXException.h; path = Extras/CoreAudio/PublicUtility/CAXException.h; sourceTree = DEVELOPER_DIR; };
		89EF37091121C66700FB9A38 /* CAXException.cpp */ = {isa = PBXFileReference; fileEncoding = 4; lastKnownFileType = sourcecode.cpp.cpp; name = CAXException.cpp; path = Extras/CoreAudio/PublicUtility/CAXException.cpp; sourceTree = DEVELOPER_DIR; };
		89EF370A1121C66700FB9A38 /* CAStreamBasicDescription.cpp */ = {isa = PBXFileReference; fileEncoding = 4; lastKnownFileType = sourcecode.cpp.cpp; name = CAStreamBasicDescription.cpp; path = Extras/CoreAudio/PublicUtility/CAStreamBasicDescription.cpp; sourceTree = DEVELOPER_DIR; };
		89EF370B1121C66700FB9A38 /* CAStreamBasicDescription.h */ = {isa = PBXFileReference; fileEncoding = 4; lastKnownFileType = sourcecode.c.h; name = CAStreamBasicDescription.h; path = Extras/CoreAudio/PublicUtility/CAStreamBasicDescription.h; sourceTree = DEVELOPER_DIR; };
		8D1107310486CEB800E47090 /* Info.plist */ = {isa = PBXFileReference; fileEncoding = 4; lastKnownFileType = text.plist.xml; path = Info.plist; sourceTree = "<group>"; };
		8D1107320486CEB800E47090 /* Goonj.app */ = {isa = PBXFileReference; explicitFileType = wrapper.application; includeInIndex = 0; path = Goonj.app; sourceTree = BUILT_PRODUCTS_DIR; };
		C521D6AD111F1A5F008B1179 /* English */ = {isa = PBXFileReference; lastKnownFileType = file.xib; name = English; path = English.lproj/MetaEditor.xib; sourceTree = "<group>"; };
		C54EC3F5111B5D45008D852B /* libtag.1.7.0.dylib */ = {isa = PBXFileReference; lastKnownFileType = "compiled.mach-o.dylib"; name = libtag.1.7.0.dylib; path = usr/local/lib/libtag.1.7.0.dylib; sourceTree = SDKROOT; };
		C54EC41F111C4B25008D852B /* GMetadataEditorController.h */ = {isa = PBXFileReference; fileEncoding = 4; lastKnownFileType = sourcecode.c.h; path = GMetadataEditorController.h; sourceTree = "<group>"; };
		C54EC420111C4B25008D852B /* GMetadataEditorController.m */ = {isa = PBXFileReference; fileEncoding = 4; lastKnownFileType = sourcecode.c.objc; path = GMetadataEditorController.m; sourceTree = "<group>"; };
		C551B84E10AFE4CC00174867 /* English */ = {isa = PBXFileReference; lastKnownFileType = file.xib; name = English; path = English.lproj/Preferences.xib; sourceTree = "<group>"; };
		C551BA7A10B54F2E00174867 /* Credits.html */ = {isa = PBXFileReference; fileEncoding = 4; lastKnownFileType = text.html; path = Credits.html; sourceTree = "<group>"; };
		C566A012107B1A7F000D322E /* HACKING */ = {isa = PBXFileReference; fileEncoding = 4; lastKnownFileType = text; path = HACKING; sourceTree = "<group>"; };
		C581284D10B80EDF00BBF0F6 /* GPreferencesController.h */ = {isa = PBXFileReference; fileEncoding = 4; lastKnownFileType = sourcecode.c.h; path = GPreferencesController.h; sourceTree = "<group>"; };
		C581284E10B80EDF00BBF0F6 /* GPreferencesController.m */ = {isa = PBXFileReference; fileEncoding = 4; lastKnownFileType = sourcecode.c.objc; path = GPreferencesController.m; sourceTree = "<group>"; };
		C58308AF111FFC550089D77F /* GoonjFFdown.png */ = {isa = PBXFileReference; lastKnownFileType = image.png; name = GoonjFFdown.png; path = Images/GoonjFFdown.png; sourceTree = "<group>"; };
		C58308B0111FFC550089D77F /* GoonjFFup.png */ = {isa = PBXFileReference; lastKnownFileType = image.png; name = GoonjFFup.png; path = Images/GoonjFFup.png; sourceTree = "<group>"; };
		C58308B1111FFC550089D77F /* GoonjPlaydown.png */ = {isa = PBXFileReference; lastKnownFileType = image.png; name = GoonjPlaydown.png; path = Images/GoonjPlaydown.png; sourceTree = "<group>"; };
		C58308B2111FFC550089D77F /* GoonjPlayup.png */ = {isa = PBXFileReference; lastKnownFileType = image.png; name = GoonjPlayup.png; path = Images/GoonjPlayup.png; sourceTree = "<group>"; };
		C58308B3111FFC550089D77F /* GoonjRewinddown.png */ = {isa = PBXFileReference; lastKnownFileType = image.png; name = GoonjRewinddown.png; path = Images/GoonjRewinddown.png; sourceTree = "<group>"; };
		C58308B4111FFC550089D77F /* GoonjRewindup.png */ = {isa = PBXFileReference; lastKnownFileType = image.png; name = GoonjRewindup.png; path = Images/GoonjRewindup.png; sourceTree = "<group>"; };
		C58308FA1120436A0089D77F /* GPlaybackController.h */ = {isa = PBXFileReference; fileEncoding = 4; lastKnownFileType = sourcecode.c.h; path = GPlaybackController.h; sourceTree = "<group>"; };
		C58308FB1120436A0089D77F /* GPlaybackController.m */ = {isa = PBXFileReference; explicitFileType = sourcecode.cpp.objcpp; fileEncoding = 4; path = GPlaybackController.m; sourceTree = "<group>"; };
		C594BC1910C99EDB006AB16C /* GCollectionProtocols.h */ = {isa = PBXFileReference; fileEncoding = 4; lastKnownFileType = sourcecode.c.h; path = GCollectionProtocols.h; sourceTree = "<group>"; };
		C5D1E988111362F600C3898B /* BWToolkitFramework.framework */ = {isa = PBXFileReference; lastKnownFileType = wrapper.framework; name = BWToolkitFramework.framework; path = Dependencies/BWToolkit/BWToolkitFramework.framework; sourceTree = "<group>"; };
		C5D6AB5910ED515200D53F25 /* GStatusBar.png */ = {isa = PBXFileReference; lastKnownFileType = image.png; name = GStatusBar.png; path = Images/GStatusBar.png; sourceTree = "<group>"; };
		C5D6AB5A10ED515200D53F25 /* GStatusBarAlternate.png */ = {isa = PBXFileReference; lastKnownFileType = image.png; name = GStatusBarAlternate.png; path = Images/GStatusBarAlternate.png; sourceTree = "<group>"; };
		C5E55E911104D70E002A64E5 /* GVolumeHigh.png */ = {isa = PBXFileReference; lastKnownFileType = image.png; name = GVolumeHigh.png; path = Images/GVolumeHigh.png; sourceTree = "<group>"; };
		C5E55E921104D70E002A64E5 /* GVolumeLow.png */ = {isa = PBXFileReference; lastKnownFileType = image.png; name = GVolumeLow.png; path = Images/GVolumeLow.png; sourceTree = "<group>"; };
		C5FA7193114F930A000A5AC3 /* Library.xcdatamodel */ = {isa = PBXFileReference; fileEncoding = 4; lastKnownFileType = wrapper.xcdatamodel; path = Library.xcdatamodel; sourceTree = "<group>"; };
/* End PBXFileReference section */

/* Begin PBXFrameworksBuildPhase section */
		8D11072E0486CEB800E47090 /* Frameworks */ = {
			isa = PBXFrameworksBuildPhase;
			buildActionMask = 2147483647;
			files = (
				8D11072F0486CEB800E47090 /* Cocoa.framework in Frameworks */,
				C5D1E989111362F600C3898B /* BWToolkitFramework.framework in Frameworks */,
				C54EC3F6111B5D45008D852B /* libtag.1.7.0.dylib in Frameworks */,
				89EF36E41121C54A00FB9A38 /* CoreServices.framework in Frameworks */,
				89EF36E51121C54A00FB9A38 /* AudioUnit.framework in Frameworks */,
				89EF36E61121C54A00FB9A38 /* AudioToolbox.framework in Frameworks */,
			);
			runOnlyForDeploymentPostprocessing = 0;
		};
/* End PBXFrameworksBuildPhase section */

/* Begin PBXGroup section */
		080E96DDFE201D6D7F000001 /* Classes */ = {
			isa = PBXGroup;
			children = (
				89EF36FC1121C66700FB9A38 /* Public Utility */,
				634CADC0110095C400BFC105 /* Library */,
				63668AE31084CC7600CC02E5 /* Playlist */,
				C594BC1910C99EDB006AB16C /* GCollectionProtocols.h */,
				C581284D10B80EDF00BBF0F6 /* GPreferencesController.h */,
				C581284E10B80EDF00BBF0F6 /* GPreferencesController.m */,
				638392241058D34C00DCE47D /* GAppController.h */,
				638392251058D34C00DCE47D /* GAppController.m */,
				63274DF4105A0DDD005AC3BA /* GMainWindowController.h */,
				63274DF5105A0DDD005AC3BA /* GMainWindowController.m */,
				C54EC41F111C4B25008D852B /* GMetadataEditorController.h */,
				C54EC420111C4B25008D852B /* GMetadataEditorController.m */,
				C58308FA1120436A0089D77F /* GPlaybackController.h */,
				C58308FB1120436A0089D77F /* GPlaybackController.m */,
				63ECAFC3105B59A000E635C7 /* GPlaylistViewController.h */,
				63ECAFC4105B59A000E635C7 /* GPlaylistViewController.m */,
				63917FB21062871C00DDF469 /* GTrack.h */,
				63917FB31062871C00DDF469 /* GTrack.m */,
				635CBAB310B675F800D82472 /* GUtilities.h */,
				635CBAB410B675F800D82472 /* GUtilities.m */,
			);
			name = Classes;
			sourceTree = "<group>";
		};
		1058C7A0FEA54F0111CA2CBB /* Linked Frameworks */ = {
			isa = PBXGroup;
			children = (
				89EF36E11121C54A00FB9A38 /* CoreServices.framework */,
				89EF36E21121C54A00FB9A38 /* AudioUnit.framework */,
				89EF36E31121C54A00FB9A38 /* AudioToolbox.framework */,
				C5D1E988111362F600C3898B /* BWToolkitFramework.framework */,
				1058C7A1FEA54F0111CA2CBB /* Cocoa.framework */,
				C54EC3F5111B5D45008D852B /* libtag.1.7.0.dylib */,
			);
			name = "Linked Frameworks";
			sourceTree = "<group>";
		};
		19C28FACFE9D520D11CA2CBB /* Products */ = {
			isa = PBXGroup;
			children = (
				8D1107320486CEB800E47090 /* Goonj.app */,
			);
			name = Products;
			sourceTree = "<group>";
		};
		29B97314FDCFA39411CA2CEA /* Goonj */ = {
			isa = PBXGroup;
			children = (
				080E96DDFE201D6D7F000001 /* Classes */,
				29B97315FDCFA39411CA2CEA /* Other Sources */,
				29B97317FDCFA39411CA2CEA /* Resources */,
				29B97323FDCFA39411CA2CEA /* Frameworks */,
				19C28FACFE9D520D11CA2CBB /* Products */,
			);
			name = Goonj;
			sourceTree = "<group>";
		};
		29B97315FDCFA39411CA2CEA /* Other Sources */ = {
			isa = PBXGroup;
			children = (
				32CA4F630368D1EE00C91783 /* Goonj_Prefix.pch */,
				29B97316FDCFA39411CA2CEA /* main.m */,
			);
			name = "Other Sources";
			sourceTree = "<group>";
		};
		29B97317FDCFA39411CA2CEA /* Resources */ = {
			isa = PBXGroup;
			children = (
				635CBAEF10B67AA200D82472 /* Interface */,
				C5D6AB5D10ED515900D53F25 /* Images */,
				C551BA7A10B54F2E00174867 /* Credits.html */,
				6383907F1058B30000DCE47D /* LICENSE */,
				638390801058B30000DCE47D /* README */,
				C566A012107B1A7F000D322E /* HACKING */,
				8D1107310486CEB800E47090 /* Info.plist */,
				089C165CFE840E0CC02AAC07 /* InfoPlist.strings */,
			);
			name = Resources;
			sourceTree = "<group>";
		};
		29B97323FDCFA39411CA2CEA /* Frameworks */ = {
			isa = PBXGroup;
			children = (
				1058C7A0FEA54F0111CA2CBB /* Linked Frameworks */,
			);
			name = Frameworks;
			sourceTree = "<group>";
		};
		634CADC0110095C400BFC105 /* Library */ = {
			isa = PBXGroup;
			children = (
				C5FA7193114F930A000A5AC3 /* Library.xcdatamodel */,
				634CADC1110095EF00BFC105 /* GDirectoryWatcher.h */,
				634CADC2110095EF00BFC105 /* GDirectoryWatcher.m */,
				631CEE41111309E40005372F /* GLibraryManager.h */,
				631CEE42111309E40005372F /* GLibraryManager.m */,
			);
			name = Library;
			sourceTree = "<group>";
		};
		635CBAEF10B67AA200D82472 /* Interface */ = {
			isa = PBXGroup;
			children = (
				1DDD58140DA1D0A300B32029 /* MainMenu.xib */,
				638392BD1058D9CA00DCE47D /* MainWindow.xib */,
				C521D6B0111F1A6B008B1179 /* MetaEditor.xib */,
				63349B0F10B596F4000155E2 /* Preferences.xib */,
			);
			name = Interface;
			sourceTree = "<group>";
		};
		63668AE31084CC7600CC02E5 /* Playlist */ = {
			isa = PBXGroup;
			children = (
				63668AE41084CD0100CC02E5 /* GXSPFPlaylist.h */,
				63668AE51084CD0100CC02E5 /* GXSPFPlaylist.m */,
				63668AE71084CD0A00CC02E5 /* GM3UPlaylist.h */,
				63668AE81084CD0A00CC02E5 /* GM3UPlaylist.m */,
			);
			name = Playlist;
			sourceTree = "<group>";
		};
		89EF36FC1121C66700FB9A38 /* Public Utility */ = {
			isa = PBXGroup;
			children = (
				89EF36FD1121C66700FB9A38 /* AUOutputBL.cpp */,
				89EF36FE1121C66700FB9A38 /* AUOutputBL.h */,
				89EF36FF1121C66700FB9A38 /* CAAudioChannelLayout.cpp */,
				89EF37001121C66700FB9A38 /* CAAudioChannelLayout.h */,
				89EF37011121C66700FB9A38 /* CAAudioChannelLayoutObject.cpp */,
				89EF37021121C66700FB9A38 /* CAAudioUnit.cpp */,
				89EF37031121C66700FB9A38 /* CAAudioUnit.h */,
				89EF37041121C66700FB9A38 /* CAComponent.cpp */,
				89EF37051121C66700FB9A38 /* CAComponent.h */,
				89EF37061121C66700FB9A38 /* CAComponentDescription.cpp */,
				89EF37071121C66700FB9A38 /* CAComponentDescription.h */,
				89EF37081121C66700FB9A38 /* CAXException.h */,
				89EF37091121C66700FB9A38 /* CAXException.cpp */,
				89EF370A1121C66700FB9A38 /* CAStreamBasicDescription.cpp */,
				89EF370B1121C66700FB9A38 /* CAStreamBasicDescription.h */,
			);
			name = "Public Utility";
			sourceTree = "<group>";
		};
		C5D6AB5D10ED515900D53F25 /* Images */ = {
			isa = PBXGroup;
			children = (
				C58308AF111FFC550089D77F /* GoonjFFdown.png */,
				C58308B0111FFC550089D77F /* GoonjFFup.png */,
				C58308B1111FFC550089D77F /* GoonjPlaydown.png */,
				C58308B2111FFC550089D77F /* GoonjPlayup.png */,
				C58308B3111FFC550089D77F /* GoonjRewinddown.png */,
				C58308B4111FFC550089D77F /* GoonjRewindup.png */,
				C5E55E911104D70E002A64E5 /* GVolumeHigh.png */,
				C5E55E921104D70E002A64E5 /* GVolumeLow.png */,
				C5D6AB5910ED515200D53F25 /* GStatusBar.png */,
				C5D6AB5A10ED515200D53F25 /* GStatusBarAlternate.png */,
			);
			name = Images;
			sourceTree = "<group>";
		};
/* End PBXGroup section */

/* Begin PBXHeadersBuildPhase section */
		C5DC9AD610F908450088381D /* Headers */ = {
			isa = PBXHeadersBuildPhase;
			buildActionMask = 2147483647;
			files = (
				634CADC3110095EF00BFC105 /* GDirectoryWatcher.h in Headers */,
				631CEE43111309E40005372F /* GLibraryManager.h in Headers */,
				C54EC421111C4B25008D852B /* GMetadataEditorController.h in Headers */,
				C58308FC1120436A0089D77F /* GPlaybackController.h in Headers */,
				89EF370D1121C66700FB9A38 /* AUOutputBL.h in Headers */,
				89EF370F1121C66700FB9A38 /* CAAudioChannelLayout.h in Headers */,
				89EF37121121C66700FB9A38 /* CAAudioUnit.h in Headers */,
				89EF37141121C66700FB9A38 /* CAComponent.h in Headers */,
				89EF37161121C66700FB9A38 /* CAComponentDescription.h in Headers */,
				89EF37171121C66700FB9A38 /* CAXException.h in Headers */,
				89EF371A1121C66700FB9A38 /* CAStreamBasicDescription.h in Headers */,
			);
			runOnlyForDeploymentPostprocessing = 0;
		};
/* End PBXHeadersBuildPhase section */

/* Begin PBXNativeTarget section */
		8D1107260486CEB800E47090 /* Goonj */ = {
			isa = PBXNativeTarget;
			buildConfigurationList = C01FCF4A08A954540054247B /* Build configuration list for PBXNativeTarget "Goonj" */;
			buildPhases = (
				8D1107290486CEB800E47090 /* Resources */,
				8D11072C0486CEB800E47090 /* Sources */,
				8D11072E0486CEB800E47090 /* Frameworks */,
				C5DC9AD610F908450088381D /* Headers */,
				C5E55EF91104EF50002A64E5 /* CopyFiles */,
				C54EC3B0111B5757008D852B /* ShellScript */,
			);
			buildRules = (
			);
			dependencies = (
			);
			name = Goonj;
			productInstallPath = "$(HOME)/Applications";
			productName = Goonj;
			productReference = 8D1107320486CEB800E47090 /* Goonj.app */;
			productType = "com.apple.product-type.application";
		};
/* End PBXNativeTarget section */

/* Begin PBXProject section */
		29B97313FDCFA39411CA2CEA /* Project object */ = {
			isa = PBXProject;
			attributes = {
				BuildIndependentTargetsInParallel = YES;
				ORGANIZATIONNAME = "The Goonj Project";
			};
			buildConfigurationList = C01FCF4E08A954540054247B /* Build configuration list for PBXProject "Goonj" */;
			compatibilityVersion = "Xcode 3.2";
			hasScannedForEncodings = 1;
			mainGroup = 29B97314FDCFA39411CA2CEA /* Goonj */;
			projectDirPath = "";
			projectRoot = "";
			targets = (
				8D1107260486CEB800E47090 /* Goonj */,
			);
		};
/* End PBXProject section */

/* Begin PBXResourcesBuildPhase section */
		8D1107290486CEB800E47090 /* Resources */ = {
			isa = PBXResourcesBuildPhase;
			buildActionMask = 2147483647;
			files = (
				8D11072B0486CEB800E47090 /* InfoPlist.strings in Resources */,
				1DDD58160DA1D0A300B32029 /* MainMenu.xib in Resources */,
				638390811058B30000DCE47D /* LICENSE in Resources */,
				638390821058B30000DCE47D /* README in Resources */,
				638392BE1058D9CA00DCE47D /* MainWindow.xib in Resources */,
				C566A013107B1A7F000D322E /* HACKING in Resources */,
				63349B1010B596F4000155E2 /* Preferences.xib in Resources */,
				C551BA7B10B54F2E00174867 /* Credits.html in Resources */,
				C5D6AB5B10ED515200D53F25 /* GStatusBar.png in Resources */,
				C5D6AB5C10ED515200D53F25 /* GStatusBarAlternate.png in Resources */,
				C5E55E931104D70E002A64E5 /* GVolumeHigh.png in Resources */,
				C5E55E941104D70E002A64E5 /* GVolumeLow.png in Resources */,
				C521D6B1111F1A6B008B1179 /* MetaEditor.xib in Resources */,
				C58308B5111FFC550089D77F /* GoonjFFdown.png in Resources */,
				C58308B6111FFC550089D77F /* GoonjFFup.png in Resources */,
				C58308B7111FFC550089D77F /* GoonjPlaydown.png in Resources */,
				C58308B8111FFC550089D77F /* GoonjPlayup.png in Resources */,
				C58308B9111FFC550089D77F /* GoonjRewinddown.png in Resources */,
				C58308BA111FFC550089D77F /* GoonjRewindup.png in Resources */,
			);
			runOnlyForDeploymentPostprocessing = 0;
		};
/* End PBXResourcesBuildPhase section */

/* Begin PBXShellScriptBuildPhase section */
		C54EC3B0111B5757008D852B /* ShellScript */ = {
			isa = PBXShellScriptBuildPhase;
			buildActionMask = 2147483647;
			files = (
			);
			inputPaths = (
			);
			outputPaths = (
			);
			runOnlyForDeploymentPostprocessing = 0;
			shellPath = /bin/sh;
			shellScript = "install_name_tool -change /usr/local/lib/libtag.1.dylib @loader_path/../Frameworks/libtag.1.7.0.dylib \"$TARGET_BUILD_DIR/$PRODUCT_NAME.app/Contents/MacOS/$PRODUCT_NAME\"";
		};
/* End PBXShellScriptBuildPhase section */

/* Begin PBXSourcesBuildPhase section */
		8D11072C0486CEB800E47090 /* Sources */ = {
			isa = PBXSourcesBuildPhase;
			buildActionMask = 2147483647;
			files = (
				8D11072D0486CEB800E47090 /* main.m in Sources */,
				638392261058D34C00DCE47D /* GAppController.m in Sources */,
				63274DF6105A0DDD005AC3BA /* GMainWindowController.m in Sources */,
				63ECAFC5105B59A000E635C7 /* GPlaylistViewController.m in Sources */,
				63917FB41062871C00DDF469 /* GTrack.m in Sources */,
				63668AE61084CD0100CC02E5 /* GXSPFPlaylist.m in Sources */,
				63668AE91084CD0A00CC02E5 /* GM3UPlaylist.m in Sources */,
				635CBAB510B675F800D82472 /* GUtilities.m in Sources */,
				C581284F10B80EDF00BBF0F6 /* GPreferencesController.m in Sources */,
				634CADC4110095EF00BFC105 /* GDirectoryWatcher.m in Sources */,
				631CEE44111309E40005372F /* GLibraryManager.m in Sources */,
				C54EC422111C4B25008D852B /* GMetadataEditorController.m in Sources */,
				C58308FD1120436A0089D77F /* GPlaybackController.m in Sources */,
				89EF370C1121C66700FB9A38 /* AUOutputBL.cpp in Sources */,
				89EF370E1121C66700FB9A38 /* CAAudioChannelLayout.cpp in Sources */,
				89EF37101121C66700FB9A38 /* CAAudioChannelLayoutObject.cpp in Sources */,
				89EF37111121C66700FB9A38 /* CAAudioUnit.cpp in Sources */,
				89EF37131121C66700FB9A38 /* CAComponent.cpp in Sources */,
				89EF37151121C66700FB9A38 /* CAComponentDescription.cpp in Sources */,
				89EF37181121C66700FB9A38 /* CAXException.cpp in Sources */,
				89EF37191121C66700FB9A38 /* CAStreamBasicDescription.cpp in Sources */,
				C5FA7194114F930A000A5AC3 /* Library.xcdatamodel in Sources */,
			);
			runOnlyForDeploymentPostprocessing = 0;
		};
/* End PBXSourcesBuildPhase section */

/* Begin PBXVariantGroup section */
		089C165CFE840E0CC02AAC07 /* InfoPlist.strings */ = {
			isa = PBXVariantGroup;
			children = (
				089C165DFE840E0CC02AAC07 /* English */,
			);
			name = InfoPlist.strings;
			sourceTree = "<group>";
		};
		1DDD58140DA1D0A300B32029 /* MainMenu.xib */ = {
			isa = PBXVariantGroup;
			children = (
				1DDD58150DA1D0A300B32029 /* English */,
			);
			name = MainMenu.xib;
			sourceTree = "<group>";
		};
		63349B0F10B596F4000155E2 /* Preferences.xib */ = {
			isa = PBXVariantGroup;
			children = (
				C551B84E10AFE4CC00174867 /* English */,
			);
			name = Preferences.xib;
			sourceTree = "<group>";
		};
		638392BD1058D9CA00DCE47D /* MainWindow.xib */ = {
			isa = PBXVariantGroup;
			children = (
				6383914A1058BE6C00DCE47D /* English */,
			);
			name = MainWindow.xib;
			sourceTree = "<group>";
		};
		C521D6B0111F1A6B008B1179 /* MetaEditor.xib */ = {
			isa = PBXVariantGroup;
			children = (
				C521D6AD111F1A5F008B1179 /* English */,
			);
			name = MetaEditor.xib;
			sourceTree = "<group>";
		};
/* End PBXVariantGroup section */

/* Begin XCBuildConfiguration section */
		C01FCF4B08A954540054247B /* Debug */ = {
			isa = XCBuildConfiguration;
			buildSettings = {
				ALWAYS_SEARCH_USER_PATHS = NO;
				COPY_PHASE_STRIP = NO;
				FRAMEWORK_SEARCH_PATHS = (
					"$(inherited)",
					"\"$(DEVELOPER_FRAMEWORKS_DIR)\"",
					"\"$(SRCROOT)/Frameworks\"",
					"\"$(SRCROOT)/Dependencies/BWToolkit\"",
				);
				GCC_DYNAMIC_NO_PIC = NO;
				GCC_ENABLE_FIX_AND_CONTINUE = YES;
				GCC_MODEL_TUNING = G5;
				GCC_OPTIMIZATION_LEVEL = 0;
				GCC_PRECOMPILE_PREFIX_HEADER = YES;
				GCC_PREFIX_HEADER = Goonj_Prefix.pch;
				INFOPLIST_FILE = Info.plist;
				INSTALL_PATH = "$(HOME)/Applications";
				PRODUCT_NAME = Goonj;
			};
			name = Debug;
		};
		C01FCF4C08A954540054247B /* Release */ = {
			isa = XCBuildConfiguration;
			buildSettings = {
				ALWAYS_SEARCH_USER_PATHS = NO;
				DEBUG_INFORMATION_FORMAT = "dwarf-with-dsym";
				FRAMEWORK_SEARCH_PATHS = (
					"$(inherited)",
					"\"$(DEVELOPER_FRAMEWORKS_DIR)\"",
					"\"$(SRCROOT)/Frameworks\"",
					"\"$(SRCROOT)/Dependencies/BWToolkit\"",
				);
				GCC_MODEL_TUNING = G5;
				GCC_PRECOMPILE_PREFIX_HEADER = YES;
				GCC_PREFIX_HEADER = Goonj_Prefix.pch;
				INFOPLIST_FILE = Info.plist;
				INSTALL_PATH = "$(HOME)/Applications";
				PRODUCT_NAME = Goonj;
			};
			name = Release;
		};
		C01FCF4F08A954540054247B /* Debug */ = {
			isa = XCBuildConfiguration;
			buildSettings = {
				ARCHS = "$(ARCHS_STANDARD_64_BIT)";
				GCC_C_LANGUAGE_STANDARD = c99;
				GCC_ENABLE_OBJC_GC = required;
				GCC_MODEL_TUNING = "";
				GCC_OPTIMIZATION_LEVEL = s;
				GCC_WARN_ABOUT_RETURN_TYPE = YES;
				GCC_WARN_UNUSED_VARIABLE = YES;
				ONLY_ACTIVE_ARCH = YES;
				PREBINDING = NO;
				RUN_CLANG_STATIC_ANALYZER = NO;
				SDKROOT = macosx10.6;
				VALID_ARCHS = "i386 x86_64";
			};
			name = Debug;
		};
		C01FCF5008A954540054247B /* Release */ = {
			isa = XCBuildConfiguration;
			buildSettings = {
				ARCHS = "$(ARCHS_STANDARD_64_BIT)";
				DEAD_CODE_STRIPPING = YES;
				GCC_C_LANGUAGE_STANDARD = c99;
				GCC_ENABLE_OBJC_GC = required;
				GCC_GENERATE_DEBUGGING_SYMBOLS = NO;
				GCC_MODEL_TUNING = "";
				GCC_OPTIMIZATION_LEVEL = s;
				GCC_WARN_ABOUT_RETURN_TYPE = YES;
				GCC_WARN_UNUSED_VARIABLE = YES;
				ONLY_ACTIVE_ARCH = YES;
				PREBINDING = NO;
				RUN_CLANG_STATIC_ANALYZER = NO;
				SDKROOT = macosx10.6;
				VALID_ARCHS = "i386 x86_64";
			};
			name = Release;
		};
/* End XCBuildConfiguration section */

/* Begin XCConfigurationList section */
		C01FCF4A08A954540054247B /* Build configuration list for PBXNativeTarget "Goonj" */ = {
			isa = XCConfigurationList;
			buildConfigurations = (
				C01FCF4B08A954540054247B /* Debug */,
				C01FCF4C08A954540054247B /* Release */,
			);
			defaultConfigurationIsVisible = 0;
			defaultConfigurationName = Debug;
		};
		C01FCF4E08A954540054247B /* Build configuration list for PBXProject "Goonj" */ = {
			isa = XCConfigurationList;
			buildConfigurations = (
				C01FCF4F08A954540054247B /* Debug */,
				C01FCF5008A954540054247B /* Release */,
			);
			defaultConfigurationIsVisible = 0;
			defaultConfigurationName = Debug;
		};
/* End XCConfigurationList section */
	};
	rootObject = 29B97313FDCFA39411CA2CEA /* Project object */;
}
