// !$*UTF8*$!
{
	archiveVersion = 1;
	classes = {
	};
	objectVersion = 46;
	objects = {

/* Begin PBXBuildFile section */
		1DDD58160DA1D0A300B32029 /* MainMenu.xib in Resources */ = {isa = PBXBuildFile; fileRef = 1DDD58140DA1D0A300B32029 /* MainMenu.xib */; };
		631CEE43111309E40005372F /* GLibraryManager.h in Headers */ = {isa = PBXBuildFile; fileRef = 631CEE41111309E40005372F /* GLibraryManager.h */; };
		631CEE44111309E40005372F /* GLibraryManager.m in Sources */ = {isa = PBXBuildFile; fileRef = 631CEE42111309E40005372F /* GLibraryManager.m */; };
		63274DF6105A0DDD005AC3BA /* GMainWindowController.m in Sources */ = {isa = PBXBuildFile; fileRef = 63274DF5105A0DDD005AC3BA /* GMainWindowController.m */; };
		63349B1010B596F4000155E2 /* Preferences.xib in Resources */ = {isa = PBXBuildFile; fileRef = 63349B0F10B596F4000155E2 /* Preferences.xib */; };
		634CADC3110095EF00BFC105 /* GDirectoryWatcher.h in Headers */ = {isa = PBXBuildFile; fileRef = 634CADC1110095EF00BFC105 /* GDirectoryWatcher.h */; };
		634CADC4110095EF00BFC105 /* GDirectoryWatcher.m in Sources */ = {isa = PBXBuildFile; fileRef = 634CADC2110095EF00BFC105 /* GDirectoryWatcher.m */; };
		635CBAB510B675F800D82472 /* GUtilities.m in Sources */ = {isa = PBXBuildFile; fileRef = 635CBAB410B675F800D82472 /* GUtilities.m */; };
		63668AE61084CD0100CC02E5 /* GXSPFPlaylist.m in Sources */ = {isa = PBXBuildFile; fileRef = 63668AE51084CD0100CC02E5 /* GXSPFPlaylist.m */; };
		63668AE91084CD0A00CC02E5 /* GM3UPlaylist.m in Sources */ = {isa = PBXBuildFile; fileRef = 63668AE81084CD0A00CC02E5 /* GM3UPlaylist.m */; };
		638390811058B30000DCE47D /* LICENSE in Resources */ = {isa = PBXBuildFile; fileRef = 6383907F1058B30000DCE47D /* LICENSE */; };
		638390821058B30000DCE47D /* README in Resources */ = {isa = PBXBuildFile; fileRef = 638390801058B30000DCE47D /* README */; };
		638392261058D34C00DCE47D /* GAppController.m in Sources */ = {isa = PBXBuildFile; fileRef = 638392251058D34C00DCE47D /* GAppController.m */; };
		638392BE1058D9CA00DCE47D /* MainWindow.xib in Resources */ = {isa = PBXBuildFile; fileRef = 638392BD1058D9CA00DCE47D /* MainWindow.xib */; };
		63917FB41062871C00DDF469 /* GTrack.m in Sources */ = {isa = PBXBuildFile; fileRef = 63917FB31062871C00DDF469 /* GTrack.m */; };
		63CCF3C412757586002D9731 /* libtag.dylib in Frameworks */ = {isa = PBXBuildFile; fileRef = 63CCF3C312757586002D9731 /* libtag.dylib */; };
		63D8004F12196978002DEF66 /* GPlaylist.h in Headers */ = {isa = PBXBuildFile; fileRef = 63D8004D12196978002DEF66 /* GPlaylist.h */; };
		63D8005012196978002DEF66 /* GPlaylist.m in Sources */ = {isa = PBXBuildFile; fileRef = 63D8004E12196978002DEF66 /* GPlaylist.m */; };
		63ECAFC5105B59A000E635C7 /* GPlaylistViewController.m in Sources */ = {isa = PBXBuildFile; fileRef = 63ECAFC4105B59A000E635C7 /* GPlaylistViewController.m */; };
		89EF36E41121C54A00FB9A38 /* CoreServices.framework in Frameworks */ = {isa = PBXBuildFile; fileRef = 89EF36E11121C54A00FB9A38 /* CoreServices.framework */; };
		89EF36E51121C54A00FB9A38 /* AudioUnit.framework in Frameworks */ = {isa = PBXBuildFile; fileRef = 89EF36E21121C54A00FB9A38 /* AudioUnit.framework */; };
		89EF36E61121C54A00FB9A38 /* AudioToolbox.framework in Frameworks */ = {isa = PBXBuildFile; fileRef = 89EF36E31121C54A00FB9A38 /* AudioToolbox.framework */; };
		8D11072B0486CEB800E47090 /* InfoPlist.strings in Resources */ = {isa = PBXBuildFile; fileRef = 089C165CFE840E0CC02AAC07 /* InfoPlist.strings */; };
		8D11072D0486CEB800E47090 /* main.m in Sources */ = {isa = PBXBuildFile; fileRef = 29B97316FDCFA39411CA2CEA /* main.m */; settings = {ATTRIBUTES = (); }; };
		8D11072F0486CEB800E47090 /* Cocoa.framework in Frameworks */ = {isa = PBXBuildFile; fileRef = 1058C7A1FEA54F0111CA2CBB /* Cocoa.framework */; };
		C521D6B1111F1A6B008B1179 /* MetaEditor.xib in Resources */ = {isa = PBXBuildFile; fileRef = C521D6B0111F1A6B008B1179 /* MetaEditor.xib */; };
		C54EC421111C4B25008D852B /* GMetadataEditorController.h in Headers */ = {isa = PBXBuildFile; fileRef = C54EC41F111C4B25008D852B /* GMetadataEditorController.h */; };
		C54EC422111C4B25008D852B /* GMetadataEditorController.m in Sources */ = {isa = PBXBuildFile; fileRef = C54EC420111C4B25008D852B /* GMetadataEditorController.m */; };
		C551BA7B10B54F2E00174867 /* Credits.html in Resources */ = {isa = PBXBuildFile; fileRef = C551BA7A10B54F2E00174867 /* Credits.html */; };
		C566A013107B1A7F000D322E /* HACKING in Resources */ = {isa = PBXBuildFile; fileRef = C566A012107B1A7F000D322E /* HACKING */; };
		C581284F10B80EDF00BBF0F6 /* GPreferencesController.m in Sources */ = {isa = PBXBuildFile; fileRef = C581284E10B80EDF00BBF0F6 /* GPreferencesController.m */; };
		C58308B5111FFC550089D77F /* GoonjFFdown.png in Resources */ = {isa = PBXBuildFile; fileRef = C58308AF111FFC550089D77F /* GoonjFFdown.png */; };
		C58308B6111FFC550089D77F /* GoonjFFup.png in Resources */ = {isa = PBXBuildFile; fileRef = C58308B0111FFC550089D77F /* GoonjFFup.png */; };
		C58308B7111FFC550089D77F /* GoonjPlaydown.png in Resources */ = {isa = PBXBuildFile; fileRef = C58308B1111FFC550089D77F /* GoonjPlaydown.png */; };
		C58308B8111FFC550089D77F /* GoonjPlayup.png in Resources */ = {isa = PBXBuildFile; fileRef = C58308B2111FFC550089D77F /* GoonjPlayup.png */; };
		C58308B9111FFC550089D77F /* GoonjRewinddown.png in Resources */ = {isa = PBXBuildFile; fileRef = C58308B3111FFC550089D77F /* GoonjRewinddown.png */; };
		C58308BA111FFC550089D77F /* GoonjRewindup.png in Resources */ = {isa = PBXBuildFile; fileRef = C58308B4111FFC550089D77F /* GoonjRewindup.png */; };
		C58308FC1120436A0089D77F /* GPlaybackController.h in Headers */ = {isa = PBXBuildFile; fileRef = C58308FA1120436A0089D77F /* GPlaybackController.h */; };
		C58308FD1120436A0089D77F /* GPlaybackController.m in Sources */ = {isa = PBXBuildFile; fileRef = C58308FB1120436A0089D77F /* GPlaybackController.m */; };
		C5D1E989111362F600C3898B /* BWToolkitFramework.framework in Frameworks */ = {isa = PBXBuildFile; fileRef = C5D1E988111362F600C3898B /* BWToolkitFramework.framework */; };
		C5D1E9BA1113630500C3898B /* BWToolkitFramework.framework in CopyFiles */ = {isa = PBXBuildFile; fileRef = C5D1E988111362F600C3898B /* BWToolkitFramework.framework */; };
		C5D6AB5B10ED515200D53F25 /* GStatusBar.png in Resources */ = {isa = PBXBuildFile; fileRef = C5D6AB5910ED515200D53F25 /* GStatusBar.png */; };
		C5D6AB5C10ED515200D53F25 /* GStatusBarAlternate.png in Resources */ = {isa = PBXBuildFile; fileRef = C5D6AB5A10ED515200D53F25 /* GStatusBarAlternate.png */; };
		C5E55E931104D70E002A64E5 /* GVolumeHigh.png in Resources */ = {isa = PBXBuildFile; fileRef = C5E55E911104D70E002A64E5 /* GVolumeHigh.png */; };
		C5E55E941104D70E002A64E5 /* GVolumeLow.png in Resources */ = {isa = PBXBuildFile; fileRef = C5E55E921104D70E002A64E5 /* GVolumeLow.png */; };
		C5FA7194114F930A000A5AC3 /* Library.xcdatamodel in Sources */ = {isa = PBXBuildFile; fileRef = C5FA7193114F930A000A5AC3 /* Library.xcdatamodel */; };
/* End PBXBuildFile section */

/* Begin PBXContainerItemProxy section */
		63CCF2ED127571D6002D9731 /* PBXContainerItemProxy */ = {
			isa = PBXContainerItemProxy;
			containerPortal = 63CCF2E6127571D6002D9731 /* CogAudio.xcodeproj */;
			proxyType = 2;
			remoteGlobalIDString = 8DC2EF5B0486A6940098B216 /* CogAudio.framework */;
			remoteInfo = "CogAudio Framework";
		};
		63CCF2F6127571FC002D9731 /* PBXContainerItemProxy */ = {
			isa = PBXContainerItemProxy;
			containerPortal = 63CCF2EF127571FB002D9731 /* APL.xcodeproj */;
			proxyType = 2;
			remoteGlobalIDString = 99B989F40CC7E10400C256E9 /* APL.bundle */;
			remoteInfo = "APL Plugin";
		};
		63CCF3001275720F002D9731 /* PBXContainerItemProxy */ = {
			isa = PBXContainerItemProxy;
			containerPortal = 63CCF2F81275720F002D9731 /* AudioOverload.xcodeproj */;
			proxyType = 2;
			remoteGlobalIDString = 8D5B49B6048680CD000E48DA /* AudioOverload.bundle */;
			remoteInfo = "AudioOverload Plugin";
		};
		63CCF3091275721B002D9731 /* PBXContainerItemProxy */ = {
			isa = PBXContainerItemProxy;
			containerPortal = 63CCF3021275721B002D9731 /* CoreAudio.xcodeproj */;
			proxyType = 2;
			remoteGlobalIDString = 8D5B49B6048680CD000E48DA /* CoreAudio.bundle */;
			remoteInfo = "CoreAudio Plugin";
		};
		63CCF3121275724D002D9731 /* PBXContainerItemProxy */ = {
			isa = PBXContainerItemProxy;
			containerPortal = 63CCF30B1275724D002D9731 /* CueSheet.xcodeproj */;
			proxyType = 2;
			remoteGlobalIDString = 8D5B49B6048680CD000E48DA /* CueSheet.bundle */;
			remoteInfo = CueSheet;
		};
		63CCF31C12757268002D9731 /* PBXContainerItemProxy */ = {
			isa = PBXContainerItemProxy;
			containerPortal = 63CCF31412757268002D9731 /* Dumb.xcodeproj */;
			proxyType = 2;
			remoteGlobalIDString = 8D5B49B6048680CD000E48DA /* Dumb.bundle */;
			remoteInfo = Dumb;
		};
		63CCF32512757277002D9731 /* PBXContainerItemProxy */ = {
			isa = PBXContainerItemProxy;
			containerPortal = 63CCF31E12757277002D9731 /* FileSource.xcodeproj */;
			proxyType = 2;
			remoteGlobalIDString = 8D5B49B6048680CD000E48DA /* FileSource.bundle */;
			remoteInfo = "FileSource Plugin";
		};
		63CCF32F12757282002D9731 /* PBXContainerItemProxy */ = {
			isa = PBXContainerItemProxy;
			containerPortal = 63CCF32712757282002D9731 /* Flac.xcodeproj */;
			proxyType = 2;
			remoteGlobalIDString = 8D5B49B6048680CD000E48DA /* Flac.bundle */;
			remoteInfo = "Flac Plugin";
		};
		63CCF33912757294002D9731 /* PBXContainerItemProxy */ = {
			isa = PBXContainerItemProxy;
			containerPortal = 63CCF33112757294002D9731 /* GME.xcodeproj */;
			proxyType = 2;
			remoteGlobalIDString = 8D5B49B6048680CD000E48DA /* GME.bundle */;
			remoteInfo = "GME Plugin";
		};
		63CCF344127572B5002D9731 /* PBXContainerItemProxy */ = {
			isa = PBXContainerItemProxy;
			containerPortal = 63CCF33D127572B5002D9731 /* HTTPSource.xcodeproj */;
			proxyType = 2;
			remoteGlobalIDString = 8D5B49B6048680CD000E48DA /* HTTPSource.bundle */;
			remoteInfo = "HTTPSource Plugin";
		};
		63CCF34D127572C5002D9731 /* PBXContainerItemProxy */ = {
			isa = PBXContainerItemProxy;
			containerPortal = 63CCF346127572C5002D9731 /* M3u.xcodeproj */;
			proxyType = 2;
			remoteGlobalIDString = 8D5B49B6048680CD000E48DA /* M3u.bundle */;
			remoteInfo = M3u;
		};
		63CCF357127572DA002D9731 /* PBXContainerItemProxy */ = {
			isa = PBXContainerItemProxy;
			containerPortal = 63CCF34F127572DA002D9731 /* MAD.xcodeproj */;
			proxyType = 2;
			remoteGlobalIDString = 8D5B49B6048680CD000E48DA /* MAD.bundle */;
			remoteInfo = "MAD Plugin";
		};
		63CCF361127572E9002D9731 /* PBXContainerItemProxy */ = {
			isa = PBXContainerItemProxy;
			containerPortal = 63CCF359127572E9002D9731 /* MonkeysAudio.xcodeproj */;
			proxyType = 2;
			remoteGlobalIDString = 8D5B49B6048680CD000E48DA /* MonkeysAudio.bundle */;
			remoteInfo = "MonkeysAudio Plugin";
		};
		63CCF36B127572F6002D9731 /* PBXContainerItemProxy */ = {
			isa = PBXContainerItemProxy;
			containerPortal = 63CCF363127572F6002D9731 /* Musepack.xcodeproj */;
			proxyType = 2;
			remoteGlobalIDString = 8D5B49B6048680CD000E48DA /* Musepack.bundle */;
			remoteInfo = "Musepack Plugin";
		};
		63CCF3741275730E002D9731 /* PBXContainerItemProxy */ = {
			isa = PBXContainerItemProxy;
			containerPortal = 63CCF36D1275730E002D9731 /* Pls.xcodeproj */;
			proxyType = 2;
			remoteGlobalIDString = 8D5B49B6048680CD000E48DA /* Pls.bundle */;
			remoteInfo = Pls;
		};
		63CCF37D1275731A002D9731 /* PBXContainerItemProxy */ = {
			isa = PBXContainerItemProxy;
			containerPortal = 63CCF3761275731A002D9731 /* Quicktime.xcodeproj */;
			proxyType = 2;
			remoteGlobalIDString = 8D5B49B6048680CD000E48DA /* Quicktime.bundle */;
			remoteInfo = "Quicktime Plugin";
		};
		63CCF3871275732E002D9731 /* PBXContainerItemProxy */ = {
			isa = PBXContainerItemProxy;
			containerPortal = 63CCF37F1275732D002D9731 /* Shorten.xcodeproj */;
			proxyType = 2;
			remoteGlobalIDString = 8D5B49B6048680CD000E48DA /* Shorten.bundle */;
			remoteInfo = "Shorten Plugin";
		};
		63CCF39112757345002D9731 /* PBXContainerItemProxy */ = {
			isa = PBXContainerItemProxy;
			containerPortal = 63CCF38912757345002D9731 /* TagLib.xcodeproj */;
			proxyType = 2;
			remoteGlobalIDString = 8D5B49B6048680CD000E48DA /* TagLib.bundle */;
			remoteInfo = "TagLib Plugin";
		};
		63CCF39B12757354002D9731 /* PBXContainerItemProxy */ = {
			isa = PBXContainerItemProxy;
			containerPortal = 63CCF39312757354002D9731 /* Vorbis.xcodeproj */;
			proxyType = 2;
			remoteGlobalIDString = 8D5B49B6048680CD000E48DA /* Vorbis.bundle */;
			remoteInfo = "Vorbis Plugin";
		};
		63CCF3A512757363002D9731 /* PBXContainerItemProxy */ = {
			isa = PBXContainerItemProxy;
			containerPortal = 63CCF39D12757362002D9731 /* WavPack.xcodeproj */;
			proxyType = 2;
			remoteGlobalIDString = 8D5B49B6048680CD000E48DA /* WavPack.bundle */;
			remoteInfo = "WavPack Plugin";
		};
		63CCF3AF1275736F002D9731 /* PBXContainerItemProxy */ = {
			isa = PBXContainerItemProxy;
			containerPortal = 63CCF3A71275736F002D9731 /* WMA.xcodeproj */;
			proxyType = 2;
			remoteGlobalIDString = 8D5B49B6048680CD000E48DA /* WMA.bundle */;
			remoteInfo = "WMA Plugin";
		};
		63CCF3BC12757387002D9731 /* PBXContainerItemProxy */ = {
			isa = PBXContainerItemProxy;
			containerPortal = 63CCF2E6127571D6002D9731 /* CogAudio.xcodeproj */;
			proxyType = 1;
			remoteGlobalIDString = 8DC2EF4F0486A6940098B216 /* CogAudio Framework */;
			remoteInfo = "CogAudio Framework";
		};
/* End PBXContainerItemProxy section */

/* Begin PBXCopyFilesBuildPhase section */
		C5E55EF91104EF50002A64E5 /* CopyFiles */ = {
			isa = PBXCopyFilesBuildPhase;
			buildActionMask = 2147483647;
			dstPath = "";
			dstSubfolderSpec = 10;
			files = (
				C5D1E9BA1113630500C3898B /* BWToolkitFramework.framework in CopyFiles */,
			);
			runOnlyForDeploymentPostprocessing = 0;
		};
/* End PBXCopyFilesBuildPhase section */

/* Begin PBXFileReference section */
		089C165DFE840E0CC02AAC07 /* English */ = {isa = PBXFileReference; fileEncoding = 10; lastKnownFileType = text.plist.strings; name = English; path = English.lproj/InfoPlist.strings; sourceTree = "<group>"; };
		1058C7A1FEA54F0111CA2CBB /* Cocoa.framework */ = {isa = PBXFileReference; lastKnownFileType = wrapper.framework; name = Cocoa.framework; path = /System/Library/Frameworks/Cocoa.framework; sourceTree = "<absolute>"; };
		1DDD58150DA1D0A300B32029 /* English */ = {isa = PBXFileReference; lastKnownFileType = file.xib; name = English; path = English.lproj/MainMenu.xib; sourceTree = "<group>"; };
		29B97316FDCFA39411CA2CEA /* main.m */ = {isa = PBXFileReference; fileEncoding = 4; lastKnownFileType = sourcecode.c.objc; path = main.m; sourceTree = "<group>"; };
		32CA4F630368D1EE00C91783 /* Goonj_Prefix.pch */ = {isa = PBXFileReference; fileEncoding = 4; lastKnownFileType = sourcecode.c.h; path = Goonj_Prefix.pch; sourceTree = "<group>"; };
		631CEE41111309E40005372F /* GLibraryManager.h */ = {isa = PBXFileReference; fileEncoding = 4; lastKnownFileType = sourcecode.c.h; path = GLibraryManager.h; sourceTree = "<group>"; };
		631CEE42111309E40005372F /* GLibraryManager.m */ = {isa = PBXFileReference; fileEncoding = 4; lastKnownFileType = sourcecode.c.objc; path = GLibraryManager.m; sourceTree = "<group>"; };
		63274DF4105A0DDD005AC3BA /* GMainWindowController.h */ = {isa = PBXFileReference; fileEncoding = 4; lastKnownFileType = sourcecode.c.h; path = GMainWindowController.h; sourceTree = "<group>"; };
		63274DF5105A0DDD005AC3BA /* GMainWindowController.m */ = {isa = PBXFileReference; fileEncoding = 4; lastKnownFileType = sourcecode.c.objc; path = GMainWindowController.m; sourceTree = "<group>"; };
		634CADC1110095EF00BFC105 /* GDirectoryWatcher.h */ = {isa = PBXFileReference; fileEncoding = 4; lastKnownFileType = sourcecode.c.h; path = GDirectoryWatcher.h; sourceTree = "<group>"; };
		634CADC2110095EF00BFC105 /* GDirectoryWatcher.m */ = {isa = PBXFileReference; fileEncoding = 4; lastKnownFileType = sourcecode.c.objc; path = GDirectoryWatcher.m; sourceTree = "<group>"; };
		635CBAB310B675F800D82472 /* GUtilities.h */ = {isa = PBXFileReference; fileEncoding = 4; lastKnownFileType = sourcecode.c.h; path = GUtilities.h; sourceTree = "<group>"; };
		635CBAB410B675F800D82472 /* GUtilities.m */ = {isa = PBXFileReference; fileEncoding = 4; lastKnownFileType = sourcecode.c.objc; path = GUtilities.m; sourceTree = "<group>"; };
		63668AE41084CD0100CC02E5 /* GXSPFPlaylist.h */ = {isa = PBXFileReference; fileEncoding = 4; lastKnownFileType = sourcecode.c.h; path = GXSPFPlaylist.h; sourceTree = "<group>"; };
		63668AE51084CD0100CC02E5 /* GXSPFPlaylist.m */ = {isa = PBXFileReference; fileEncoding = 4; lastKnownFileType = sourcecode.c.objc; path = GXSPFPlaylist.m; sourceTree = "<group>"; };
		63668AE71084CD0A00CC02E5 /* GM3UPlaylist.h */ = {isa = PBXFileReference; fileEncoding = 4; lastKnownFileType = sourcecode.c.h; path = GM3UPlaylist.h; sourceTree = "<group>"; };
		63668AE81084CD0A00CC02E5 /* GM3UPlaylist.m */ = {isa = PBXFileReference; fileEncoding = 4; lastKnownFileType = sourcecode.c.objc; path = GM3UPlaylist.m; sourceTree = "<group>"; };
		6383907F1058B30000DCE47D /* LICENSE */ = {isa = PBXFileReference; fileEncoding = 4; lastKnownFileType = text; path = LICENSE; sourceTree = "<group>"; };
		638390801058B30000DCE47D /* README */ = {isa = PBXFileReference; fileEncoding = 4; lastKnownFileType = text; path = README; sourceTree = "<group>"; };
		6383914A1058BE6C00DCE47D /* English */ = {isa = PBXFileReference; lastKnownFileType = file.xib; name = English; path = English.lproj/MainWindow.xib; sourceTree = "<group>"; };
		638392241058D34C00DCE47D /* GAppController.h */ = {isa = PBXFileReference; fileEncoding = 4; lastKnownFileType = sourcecode.c.h; path = GAppController.h; sourceTree = "<group>"; };
		638392251058D34C00DCE47D /* GAppController.m */ = {isa = PBXFileReference; fileEncoding = 4; lastKnownFileType = sourcecode.c.objc; path = GAppController.m; sourceTree = "<group>"; };
		63917FB21062871C00DDF469 /* GTrack.h */ = {isa = PBXFileReference; explicitFileType = sourcecode.cpp.objcpp; fileEncoding = 4; includeInIndex = 0; path = GTrack.h; sourceTree = "<group>"; };
		63917FB31062871C00DDF469 /* GTrack.m */ = {isa = PBXFileReference; explicitFileType = sourcecode.cpp.objcpp; fileEncoding = 4; path = GTrack.m; sourceTree = "<group>"; };
		63CCF2E6127571D6002D9731 /* CogAudio.xcodeproj */ = {isa = PBXFileReference; lastKnownFileType = "wrapper.pb-project"; name = CogAudio.xcodeproj; path = CogAudio/Framework/CogAudio.xcodeproj; sourceTree = "<group>"; };
		63CCF2EF127571FB002D9731 /* APL.xcodeproj */ = {isa = PBXFileReference; lastKnownFileType = "wrapper.pb-project"; name = APL.xcodeproj; path = CogAudio/Plugins/APL/APL.xcodeproj; sourceTree = "<group>"; };
		63CCF2F81275720F002D9731 /* AudioOverload.xcodeproj */ = {isa = PBXFileReference; lastKnownFileType = "wrapper.pb-project"; name = AudioOverload.xcodeproj; path = CogAudio/Plugins/AudioOverload/AudioOverload.xcodeproj; sourceTree = "<group>"; };
		63CCF3021275721B002D9731 /* CoreAudio.xcodeproj */ = {isa = PBXFileReference; lastKnownFileType = "wrapper.pb-project"; name = CoreAudio.xcodeproj; path = CogAudio/Plugins/CoreAudio/CoreAudio.xcodeproj; sourceTree = "<group>"; };
		63CCF30B1275724D002D9731 /* CueSheet.xcodeproj */ = {isa = PBXFileReference; lastKnownFileType = "wrapper.pb-project"; name = CueSheet.xcodeproj; path = CogAudio/Plugins/CueSheet/CueSheet.xcodeproj; sourceTree = "<group>"; };
		63CCF31412757268002D9731 /* Dumb.xcodeproj */ = {isa = PBXFileReference; lastKnownFileType = "wrapper.pb-project"; name = Dumb.xcodeproj; path = CogAudio/Plugins/Dumb/Dumb.xcodeproj; sourceTree = "<group>"; };
		63CCF31E12757277002D9731 /* FileSource.xcodeproj */ = {isa = PBXFileReference; lastKnownFileType = "wrapper.pb-project"; name = FileSource.xcodeproj; path = CogAudio/Plugins/FileSource/FileSource.xcodeproj; sourceTree = "<group>"; };
		63CCF32712757282002D9731 /* Flac.xcodeproj */ = {isa = PBXFileReference; lastKnownFileType = "wrapper.pb-project"; name = Flac.xcodeproj; path = CogAudio/Plugins/Flac/Flac.xcodeproj; sourceTree = "<group>"; };
		63CCF33112757294002D9731 /* GME.xcodeproj */ = {isa = PBXFileReference; lastKnownFileType = "wrapper.pb-project"; name = GME.xcodeproj; path = CogAudio/Plugins/GME/GME.xcodeproj; sourceTree = "<group>"; };
		63CCF33D127572B5002D9731 /* HTTPSource.xcodeproj */ = {isa = PBXFileReference; lastKnownFileType = "wrapper.pb-project"; name = HTTPSource.xcodeproj; path = CogAudio/Plugins/HTTPSource/HTTPSource.xcodeproj; sourceTree = "<group>"; };
		63CCF346127572C5002D9731 /* M3u.xcodeproj */ = {isa = PBXFileReference; lastKnownFileType = "wrapper.pb-project"; name = M3u.xcodeproj; path = CogAudio/Plugins/M3u/M3u.xcodeproj; sourceTree = "<group>"; };
		63CCF34F127572DA002D9731 /* MAD.xcodeproj */ = {isa = PBXFileReference; lastKnownFileType = "wrapper.pb-project"; name = MAD.xcodeproj; path = CogAudio/Plugins/MAD/MAD.xcodeproj; sourceTree = "<group>"; };
		63CCF359127572E9002D9731 /* MonkeysAudio.xcodeproj */ = {isa = PBXFileReference; lastKnownFileType = "wrapper.pb-project"; name = MonkeysAudio.xcodeproj; path = CogAudio/Plugins/MonkeysAudio/MonkeysAudio.xcodeproj; sourceTree = "<group>"; };
		63CCF363127572F6002D9731 /* Musepack.xcodeproj */ = {isa = PBXFileReference; lastKnownFileType = "wrapper.pb-project"; name = Musepack.xcodeproj; path = CogAudio/Plugins/Musepack/Musepack.xcodeproj; sourceTree = "<group>"; };
		63CCF36D1275730E002D9731 /* Pls.xcodeproj */ = {isa = PBXFileReference; lastKnownFileType = "wrapper.pb-project"; name = Pls.xcodeproj; path = CogAudio/Plugins/Pls/Pls.xcodeproj; sourceTree = "<group>"; };
		63CCF3761275731A002D9731 /* Quicktime.xcodeproj */ = {isa = PBXFileReference; lastKnownFileType = "wrapper.pb-project"; name = Quicktime.xcodeproj; path = CogAudio/Plugins/Quicktime/Quicktime.xcodeproj; sourceTree = "<group>"; };
		63CCF37F1275732D002D9731 /* Shorten.xcodeproj */ = {isa = PBXFileReference; lastKnownFileType = "wrapper.pb-project"; name = Shorten.xcodeproj; path = CogAudio/Plugins/Shorten/Shorten.xcodeproj; sourceTree = "<group>"; };
		63CCF38912757345002D9731 /* TagLib.xcodeproj */ = {isa = PBXFileReference; lastKnownFileType = "wrapper.pb-project"; name = TagLib.xcodeproj; path = CogAudio/Plugins/TagLib/TagLib.xcodeproj; sourceTree = "<group>"; };
		63CCF39312757354002D9731 /* Vorbis.xcodeproj */ = {isa = PBXFileReference; lastKnownFileType = "wrapper.pb-project"; name = Vorbis.xcodeproj; path = CogAudio/Plugins/Vorbis/Vorbis.xcodeproj; sourceTree = "<group>"; };
		63CCF39D12757362002D9731 /* WavPack.xcodeproj */ = {isa = PBXFileReference; lastKnownFileType = "wrapper.pb-project"; name = WavPack.xcodeproj; path = CogAudio/Plugins/WavPack/WavPack.xcodeproj; sourceTree = "<group>"; };
		63CCF3A71275736F002D9731 /* WMA.xcodeproj */ = {isa = PBXFileReference; lastKnownFileType = "wrapper.pb-project"; name = WMA.xcodeproj; path = CogAudio/Plugins/WMA/WMA.xcodeproj; sourceTree = "<group>"; };
		63CCF3C312757586002D9731 /* libtag.dylib */ = {isa = PBXFileReference; lastKnownFileType = "compiled.mach-o.dylib"; name = libtag.dylib; path = /opt/local/lib/libtag.dylib; sourceTree = "<absolute>"; };
		63D8004D12196978002DEF66 /* GPlaylist.h */ = {isa = PBXFileReference; fileEncoding = 4; lastKnownFileType = sourcecode.c.h; path = GPlaylist.h; sourceTree = "<group>"; };
		63D8004E12196978002DEF66 /* GPlaylist.m */ = {isa = PBXFileReference; fileEncoding = 4; lastKnownFileType = sourcecode.c.objc; path = GPlaylist.m; sourceTree = "<group>"; };
		63ECAFC3105B59A000E635C7 /* GPlaylistViewController.h */ = {isa = PBXFileReference; fileEncoding = 4; lastKnownFileType = sourcecode.c.h; path = GPlaylistViewController.h; sourceTree = "<group>"; };
		63ECAFC4105B59A000E635C7 /* GPlaylistViewController.m */ = {isa = PBXFileReference; fileEncoding = 4; lastKnownFileType = sourcecode.c.objc; path = GPlaylistViewController.m; sourceTree = "<group>"; };
		89EF36E11121C54A00FB9A38 /* CoreServices.framework */ = {isa = PBXFileReference; lastKnownFileType = wrapper.framework; name = CoreServices.framework; path = /System/Library/Frameworks/CoreServices.framework; sourceTree = "<absolute>"; };
		89EF36E21121C54A00FB9A38 /* AudioUnit.framework */ = {isa = PBXFileReference; lastKnownFileType = wrapper.framework; name = AudioUnit.framework; path = /System/Library/Frameworks/AudioUnit.framework; sourceTree = "<absolute>"; };
		89EF36E31121C54A00FB9A38 /* AudioToolbox.framework */ = {isa = PBXFileReference; lastKnownFileType = wrapper.framework; name = AudioToolbox.framework; path = /System/Library/Frameworks/AudioToolbox.framework; sourceTree = "<absolute>"; };
		8D1107310486CEB800E47090 /* Info.plist */ = {isa = PBXFileReference; fileEncoding = 4; lastKnownFileType = text.plist.xml; path = Info.plist; sourceTree = "<group>"; };
		8D1107320486CEB800E47090 /* Goonj.app */ = {isa = PBXFileReference; explicitFileType = wrapper.application; includeInIndex = 0; path = Goonj.app; sourceTree = BUILT_PRODUCTS_DIR; };
		C521D6AD111F1A5F008B1179 /* English */ = {isa = PBXFileReference; lastKnownFileType = file.xib; name = English; path = English.lproj/MetaEditor.xib; sourceTree = "<group>"; };
		C54EC41F111C4B25008D852B /* GMetadataEditorController.h */ = {isa = PBXFileReference; fileEncoding = 4; lastKnownFileType = sourcecode.c.h; path = GMetadataEditorController.h; sourceTree = "<group>"; };
		C54EC420111C4B25008D852B /* GMetadataEditorController.m */ = {isa = PBXFileReference; fileEncoding = 4; lastKnownFileType = sourcecode.c.objc; path = GMetadataEditorController.m; sourceTree = "<group>"; };
		C551B84E10AFE4CC00174867 /* English */ = {isa = PBXFileReference; lastKnownFileType = file.xib; name = English; path = English.lproj/Preferences.xib; sourceTree = "<group>"; };
		C551BA7A10B54F2E00174867 /* Credits.html */ = {isa = PBXFileReference; fileEncoding = 4; lastKnownFileType = text.html; path = Credits.html; sourceTree = "<group>"; };
		C566A012107B1A7F000D322E /* HACKING */ = {isa = PBXFileReference; fileEncoding = 4; lastKnownFileType = text; path = HACKING; sourceTree = "<group>"; };
		C581284D10B80EDF00BBF0F6 /* GPreferencesController.h */ = {isa = PBXFileReference; fileEncoding = 4; lastKnownFileType = sourcecode.c.h; path = GPreferencesController.h; sourceTree = "<group>"; };
		C581284E10B80EDF00BBF0F6 /* GPreferencesController.m */ = {isa = PBXFileReference; fileEncoding = 4; lastKnownFileType = sourcecode.c.objc; path = GPreferencesController.m; sourceTree = "<group>"; };
		C58308AF111FFC550089D77F /* GoonjFFdown.png */ = {isa = PBXFileReference; lastKnownFileType = image.png; name = GoonjFFdown.png; path = Images/GoonjFFdown.png; sourceTree = "<group>"; };
		C58308B0111FFC550089D77F /* GoonjFFup.png */ = {isa = PBXFileReference; lastKnownFileType = image.png; name = GoonjFFup.png; path = Images/GoonjFFup.png; sourceTree = "<group>"; };
		C58308B1111FFC550089D77F /* GoonjPlaydown.png */ = {isa = PBXFileReference; lastKnownFileType = image.png; name = GoonjPlaydown.png; path = Images/GoonjPlaydown.png; sourceTree = "<group>"; };
		C58308B2111FFC550089D77F /* GoonjPlayup.png */ = {isa = PBXFileReference; lastKnownFileType = image.png; name = GoonjPlayup.png; path = Images/GoonjPlayup.png; sourceTree = "<group>"; };
		C58308B3111FFC550089D77F /* GoonjRewinddown.png */ = {isa = PBXFileReference; lastKnownFileType = image.png; name = GoonjRewinddown.png; path = Images/GoonjRewinddown.png; sourceTree = "<group>"; };
		C58308B4111FFC550089D77F /* GoonjRewindup.png */ = {isa = PBXFileReference; lastKnownFileType = image.png; name = GoonjRewindup.png; path = Images/GoonjRewindup.png; sourceTree = "<group>"; };
		C58308FA1120436A0089D77F /* GPlaybackController.h */ = {isa = PBXFileReference; fileEncoding = 4; lastKnownFileType = sourcecode.c.h; path = GPlaybackController.h; sourceTree = "<group>"; };
		C58308FB1120436A0089D77F /* GPlaybackController.m */ = {isa = PBXFileReference; explicitFileType = sourcecode.cpp.objcpp; fileEncoding = 4; path = GPlaybackController.m; sourceTree = "<group>"; };
		C5D1E988111362F600C3898B /* BWToolkitFramework.framework */ = {isa = PBXFileReference; lastKnownFileType = wrapper.framework; name = BWToolkitFramework.framework; path = Dependencies/BWToolkit/BWToolkitFramework.framework; sourceTree = "<group>"; };
		C5D6AB5910ED515200D53F25 /* GStatusBar.png */ = {isa = PBXFileReference; lastKnownFileType = image.png; name = GStatusBar.png; path = Images/GStatusBar.png; sourceTree = "<group>"; };
		C5D6AB5A10ED515200D53F25 /* GStatusBarAlternate.png */ = {isa = PBXFileReference; lastKnownFileType = image.png; name = GStatusBarAlternate.png; path = Images/GStatusBarAlternate.png; sourceTree = "<group>"; };
		C5E55E911104D70E002A64E5 /* GVolumeHigh.png */ = {isa = PBXFileReference; lastKnownFileType = image.png; name = GVolumeHigh.png; path = Images/GVolumeHigh.png; sourceTree = "<group>"; };
		C5E55E921104D70E002A64E5 /* GVolumeLow.png */ = {isa = PBXFileReference; lastKnownFileType = image.png; name = GVolumeLow.png; path = Images/GVolumeLow.png; sourceTree = "<group>"; };
		C5FA7193114F930A000A5AC3 /* Library.xcdatamodel */ = {isa = PBXFileReference; fileEncoding = 4; lastKnownFileType = wrapper.xcdatamodel; path = Library.xcdatamodel; sourceTree = "<group>"; };
/* End PBXFileReference section */

/* Begin PBXFrameworksBuildPhase section */
		8D11072E0486CEB800E47090 /* Frameworks */ = {
			isa = PBXFrameworksBuildPhase;
			buildActionMask = 2147483647;
			files = (
				8D11072F0486CEB800E47090 /* Cocoa.framework in Frameworks */,
				C5D1E989111362F600C3898B /* BWToolkitFramework.framework in Frameworks */,
				89EF36E41121C54A00FB9A38 /* CoreServices.framework in Frameworks */,
				89EF36E51121C54A00FB9A38 /* AudioUnit.framework in Frameworks */,
				89EF36E61121C54A00FB9A38 /* AudioToolbox.framework in Frameworks */,
				63CCF3C412757586002D9731 /* libtag.dylib in Frameworks */,
			);
			runOnlyForDeploymentPostprocessing = 0;
		};
/* End PBXFrameworksBuildPhase section */

/* Begin PBXGroup section */
		080E96DDFE201D6D7F000001 /* Classes */ = {
			isa = PBXGroup;
			children = (
				63CCF2E2127570D8002D9731 /* CogAudio */,
				634CADC0110095C400BFC105 /* Library */,
				63668AE31084CC7600CC02E5 /* Playlist */,
				C581284D10B80EDF00BBF0F6 /* GPreferencesController.h */,
				C581284E10B80EDF00BBF0F6 /* GPreferencesController.m */,
				638392241058D34C00DCE47D /* GAppController.h */,
				638392251058D34C00DCE47D /* GAppController.m */,
				63274DF4105A0DDD005AC3BA /* GMainWindowController.h */,
				63274DF5105A0DDD005AC3BA /* GMainWindowController.m */,
				C54EC41F111C4B25008D852B /* GMetadataEditorController.h */,
				C54EC420111C4B25008D852B /* GMetadataEditorController.m */,
				C58308FA1120436A0089D77F /* GPlaybackController.h */,
				C58308FB1120436A0089D77F /* GPlaybackController.m */,
				63ECAFC3105B59A000E635C7 /* GPlaylistViewController.h */,
				63ECAFC4105B59A000E635C7 /* GPlaylistViewController.m */,
				63917FB21062871C00DDF469 /* GTrack.h */,
				63917FB31062871C00DDF469 /* GTrack.m */,
				635CBAB310B675F800D82472 /* GUtilities.h */,
				635CBAB410B675F800D82472 /* GUtilities.m */,
			);
			name = Classes;
			sourceTree = "<group>";
		};
		1058C7A0FEA54F0111CA2CBB /* Linked Frameworks */ = {
			isa = PBXGroup;
			children = (
				89EF36E11121C54A00FB9A38 /* CoreServices.framework */,
				89EF36E21121C54A00FB9A38 /* AudioUnit.framework */,
				89EF36E31121C54A00FB9A38 /* AudioToolbox.framework */,
				C5D1E988111362F600C3898B /* BWToolkitFramework.framework */,
				1058C7A1FEA54F0111CA2CBB /* Cocoa.framework */,
				63CCF3C312757586002D9731 /* libtag.dylib */,
			);
			name = "Linked Frameworks";
			sourceTree = "<group>";
		};
		19C28FACFE9D520D11CA2CBB /* Products */ = {
			isa = PBXGroup;
			children = (
				8D1107320486CEB800E47090 /* Goonj.app */,
			);
			name = Products;
			sourceTree = "<group>";
		};
		29B97314FDCFA39411CA2CEA /* Goonj */ = {
			isa = PBXGroup;
			children = (
				080E96DDFE201D6D7F000001 /* Classes */,
				29B97315FDCFA39411CA2CEA /* Other Sources */,
				29B97317FDCFA39411CA2CEA /* Resources */,
				29B97323FDCFA39411CA2CEA /* Frameworks */,
				19C28FACFE9D520D11CA2CBB /* Products */,
			);
			name = Goonj;
			sourceTree = "<group>";
		};
		29B97315FDCFA39411CA2CEA /* Other Sources */ = {
			isa = PBXGroup;
			children = (
				32CA4F630368D1EE00C91783 /* Goonj_Prefix.pch */,
				29B97316FDCFA39411CA2CEA /* main.m */,
			);
			name = "Other Sources";
			sourceTree = "<group>";
		};
		29B97317FDCFA39411CA2CEA /* Resources */ = {
			isa = PBXGroup;
			children = (
				635CBAEF10B67AA200D82472 /* Interface */,
				C5D6AB5D10ED515900D53F25 /* Images */,
				C551BA7A10B54F2E00174867 /* Credits.html */,
				6383907F1058B30000DCE47D /* LICENSE */,
				638390801058B30000DCE47D /* README */,
				C566A012107B1A7F000D322E /* HACKING */,
				8D1107310486CEB800E47090 /* Info.plist */,
				089C165CFE840E0CC02AAC07 /* InfoPlist.strings */,
			);
			name = Resources;
			sourceTree = "<group>";
		};
		29B97323FDCFA39411CA2CEA /* Frameworks */ = {
			isa = PBXGroup;
			children = (
				1058C7A0FEA54F0111CA2CBB /* Linked Frameworks */,
			);
			name = Frameworks;
			sourceTree = "<group>";
		};
		634CADC0110095C400BFC105 /* Library */ = {
			isa = PBXGroup;
			children = (
				C5FA7193114F930A000A5AC3 /* Library.xcdatamodel */,
				634CADC1110095EF00BFC105 /* GDirectoryWatcher.h */,
				634CADC2110095EF00BFC105 /* GDirectoryWatcher.m */,
				631CEE41111309E40005372F /* GLibraryManager.h */,
				631CEE42111309E40005372F /* GLibraryManager.m */,
			);
			name = Library;
			sourceTree = "<group>";
		};
		635CBAEF10B67AA200D82472 /* Interface */ = {
			isa = PBXGroup;
			children = (
				1DDD58140DA1D0A300B32029 /* MainMenu.xib */,
				638392BD1058D9CA00DCE47D /* MainWindow.xib */,
				C521D6B0111F1A6B008B1179 /* MetaEditor.xib */,
				63349B0F10B596F4000155E2 /* Preferences.xib */,
			);
			name = Interface;
			sourceTree = "<group>";
		};
		63668AE31084CC7600CC02E5 /* Playlist */ = {
			isa = PBXGroup;
			children = (
				63668AE41084CD0100CC02E5 /* GXSPFPlaylist.h */,
				63668AE51084CD0100CC02E5 /* GXSPFPlaylist.m */,
				63668AE71084CD0A00CC02E5 /* GM3UPlaylist.h */,
				63668AE81084CD0A00CC02E5 /* GM3UPlaylist.m */,
				63D8004D12196978002DEF66 /* GPlaylist.h */,
				63D8004E12196978002DEF66 /* GPlaylist.m */,
			);
			name = Playlist;
			sourceTree = "<group>";
		};
		63CCF2E2127570D8002D9731 /* CogAudio */ = {
			isa = PBXGroup;
			children = (
				63CCF2E6127571D6002D9731 /* CogAudio.xcodeproj */,
				63CCF2E4127571A7002D9731 /* Plugins */,
			);
			name = CogAudio;
			sourceTree = "<group>";
		};
		63CCF2E4127571A7002D9731 /* Plugins */ = {
			isa = PBXGroup;
			children = (
				63CCF3A71275736F002D9731 /* WMA.xcodeproj */,
				63CCF39D12757362002D9731 /* WavPack.xcodeproj */,
				63CCF39312757354002D9731 /* Vorbis.xcodeproj */,
				63CCF38912757345002D9731 /* TagLib.xcodeproj */,
				63CCF37F1275732D002D9731 /* Shorten.xcodeproj */,
				63CCF3761275731A002D9731 /* Quicktime.xcodeproj */,
				63CCF36D1275730E002D9731 /* Pls.xcodeproj */,
				63CCF363127572F6002D9731 /* Musepack.xcodeproj */,
				63CCF359127572E9002D9731 /* MonkeysAudio.xcodeproj */,
				63CCF34F127572DA002D9731 /* MAD.xcodeproj */,
				63CCF346127572C5002D9731 /* M3u.xcodeproj */,
				63CCF33D127572B5002D9731 /* HTTPSource.xcodeproj */,
				63CCF33112757294002D9731 /* GME.xcodeproj */,
				63CCF32712757282002D9731 /* Flac.xcodeproj */,
				63CCF31E12757277002D9731 /* FileSource.xcodeproj */,
				63CCF31412757268002D9731 /* Dumb.xcodeproj */,
				63CCF30B1275724D002D9731 /* CueSheet.xcodeproj */,
				63CCF3021275721B002D9731 /* CoreAudio.xcodeproj */,
				63CCF2F81275720F002D9731 /* AudioOverload.xcodeproj */,
				63CCF2EF127571FB002D9731 /* APL.xcodeproj */,
			);
			name = Plugins;
			sourceTree = "<group>";
		};
		63CCF2E7127571D6002D9731 /* Products */ = {
			isa = PBXGroup;
			children = (
				63CCF2EE127571D6002D9731 /* CogAudio.framework */,
			);
			name = Products;
			sourceTree = "<group>";
		};
		63CCF2F0127571FB002D9731 /* Products */ = {
			isa = PBXGroup;
			children = (
				63CCF2F7127571FC002D9731 /* APL.bundle */,
			);
			name = Products;
			sourceTree = "<group>";
		};
		63CCF2F91275720F002D9731 /* Products */ = {
			isa = PBXGroup;
			children = (
				63CCF3011275720F002D9731 /* AudioOverload.bundle */,
			);
			name = Products;
			sourceTree = "<group>";
		};
		63CCF3031275721B002D9731 /* Products */ = {
			isa = PBXGroup;
			children = (
				63CCF30A1275721B002D9731 /* CoreAudio.bundle */,
			);
			name = Products;
			sourceTree = "<group>";
		};
		63CCF30C1275724D002D9731 /* Products */ = {
			isa = PBXGroup;
			children = (
				63CCF3131275724D002D9731 /* CueSheet.bundle */,
			);
			name = Products;
			sourceTree = "<group>";
		};
		63CCF31512757268002D9731 /* Products */ = {
			isa = PBXGroup;
			children = (
				63CCF31D12757268002D9731 /* Dumb.bundle */,
			);
			name = Products;
			sourceTree = "<group>";
		};
		63CCF31F12757277002D9731 /* Products */ = {
			isa = PBXGroup;
			children = (
				63CCF32612757277002D9731 /* FileSource.bundle */,
			);
			name = Products;
			sourceTree = "<group>";
		};
		63CCF32812757282002D9731 /* Products */ = {
			isa = PBXGroup;
			children = (
				63CCF33012757282002D9731 /* Flac.bundle */,
			);
			name = Products;
			sourceTree = "<group>";
		};
		63CCF33212757294002D9731 /* Products */ = {
			isa = PBXGroup;
			children = (
				63CCF33A12757294002D9731 /* GME.bundle */,
			);
			name = Products;
			sourceTree = "<group>";
		};
		63CCF33E127572B5002D9731 /* Products */ = {
			isa = PBXGroup;
			children = (
				63CCF345127572B5002D9731 /* HTTPSource.bundle */,
			);
			name = Products;
			sourceTree = "<group>";
		};
		63CCF347127572C5002D9731 /* Products */ = {
			isa = PBXGroup;
			children = (
				63CCF34E127572C5002D9731 /* M3u.bundle */,
			);
			name = Products;
			sourceTree = "<group>";
		};
		63CCF350127572DA002D9731 /* Products */ = {
			isa = PBXGroup;
			children = (
				63CCF358127572DA002D9731 /* MAD.bundle */,
			);
			name = Products;
			sourceTree = "<group>";
		};
		63CCF35A127572E9002D9731 /* Products */ = {
			isa = PBXGroup;
			children = (
				63CCF362127572E9002D9731 /* MonkeysAudio.bundle */,
			);
			name = Products;
			sourceTree = "<group>";
		};
		63CCF364127572F6002D9731 /* Products */ = {
			isa = PBXGroup;
			children = (
				63CCF36C127572F6002D9731 /* Musepack.bundle */,
			);
			name = Products;
			sourceTree = "<group>";
		};
		63CCF36E1275730E002D9731 /* Products */ = {
			isa = PBXGroup;
			children = (
				63CCF3751275730E002D9731 /* Pls.bundle */,
			);
			name = Products;
			sourceTree = "<group>";
		};
		63CCF3771275731A002D9731 /* Products */ = {
			isa = PBXGroup;
			children = (
				63CCF37E1275731A002D9731 /* Quicktime.bundle */,
			);
			name = Products;
			sourceTree = "<group>";
		};
		63CCF3801275732D002D9731 /* Products */ = {
			isa = PBXGroup;
			children = (
				63CCF3881275732E002D9731 /* Shorten.bundle */,
			);
			name = Products;
			sourceTree = "<group>";
		};
		63CCF38A12757345002D9731 /* Products */ = {
			isa = PBXGroup;
			children = (
				63CCF39212757345002D9731 /* TagLib.bundle */,
			);
			name = Products;
			sourceTree = "<group>";
		};
		63CCF39412757354002D9731 /* Products */ = {
			isa = PBXGroup;
			children = (
				63CCF39C12757354002D9731 /* Vorbis.bundle */,
			);
			name = Products;
			sourceTree = "<group>";
		};
		63CCF39E12757362002D9731 /* Products */ = {
			isa = PBXGroup;
			children = (
				63CCF3A612757363002D9731 /* WavPack.bundle */,
			);
			name = Products;
			sourceTree = "<group>";
		};
		63CCF3A81275736F002D9731 /* Products */ = {
			isa = PBXGroup;
			children = (
				63CCF3B01275736F002D9731 /* WMA.bundle */,
			);
			name = Products;
			sourceTree = "<group>";
		};
		C5D6AB5D10ED515900D53F25 /* Images */ = {
			isa = PBXGroup;
			children = (
				C58308AF111FFC550089D77F /* GoonjFFdown.png */,
				C58308B0111FFC550089D77F /* GoonjFFup.png */,
				C58308B1111FFC550089D77F /* GoonjPlaydown.png */,
				C58308B2111FFC550089D77F /* GoonjPlayup.png */,
				C58308B3111FFC550089D77F /* GoonjRewinddown.png */,
				C58308B4111FFC550089D77F /* GoonjRewindup.png */,
				C5E55E911104D70E002A64E5 /* GVolumeHigh.png */,
				C5E55E921104D70E002A64E5 /* GVolumeLow.png */,
				C5D6AB5910ED515200D53F25 /* GStatusBar.png */,
				C5D6AB5A10ED515200D53F25 /* GStatusBarAlternate.png */,
			);
			name = Images;
			sourceTree = "<group>";
		};
/* End PBXGroup section */

/* Begin PBXHeadersBuildPhase section */
		C5DC9AD610F908450088381D /* Headers */ = {
			isa = PBXHeadersBuildPhase;
			buildActionMask = 2147483647;
			files = (
				634CADC3110095EF00BFC105 /* GDirectoryWatcher.h in Headers */,
				631CEE43111309E40005372F /* GLibraryManager.h in Headers */,
				C54EC421111C4B25008D852B /* GMetadataEditorController.h in Headers */,
				C58308FC1120436A0089D77F /* GPlaybackController.h in Headers */,
				63D8004F12196978002DEF66 /* GPlaylist.h in Headers */,
			);
			runOnlyForDeploymentPostprocessing = 0;
		};
/* End PBXHeadersBuildPhase section */

/* Begin PBXNativeTarget section */
		8D1107260486CEB800E47090 /* Goonj */ = {
			isa = PBXNativeTarget;
			buildConfigurationList = C01FCF4A08A954540054247B /* Build configuration list for PBXNativeTarget "Goonj" */;
			buildPhases = (
				8D1107290486CEB800E47090 /* Resources */,
				8D11072C0486CEB800E47090 /* Sources */,
				8D11072E0486CEB800E47090 /* Frameworks */,
				C5DC9AD610F908450088381D /* Headers */,
				C5E55EF91104EF50002A64E5 /* CopyFiles */,
				C54EC3B0111B5757008D852B /* ShellScript */,
			);
			buildRules = (
			);
			dependencies = (
				63CCF3BD12757387002D9731 /* PBXTargetDependency */,
			);
			name = Goonj;
			productInstallPath = "$(HOME)/Applications";
			productName = Goonj;
			productReference = 8D1107320486CEB800E47090 /* Goonj.app */;
			productType = "com.apple.product-type.application";
		};
/* End PBXNativeTarget section */

/* Begin PBXProject section */
		29B97313FDCFA39411CA2CEA /* Project object */ = {
			isa = PBXProject;
			attributes = {
				BuildIndependentTargetsInParallel = YES;
				ORGANIZATIONNAME = "The Goonj Project";
			};
			buildConfigurationList = C01FCF4E08A954540054247B /* Build configuration list for PBXProject "Goonj" */;
			compatibilityVersion = "Xcode 3.2";
			hasScannedForEncodings = 1;
			mainGroup = 29B97314FDCFA39411CA2CEA /* Goonj */;
			projectDirPath = "";
			projectReferences = (
				{
					ProductGroup = 63CCF2F0127571FB002D9731 /* Products */;
					ProjectRef = 63CCF2EF127571FB002D9731 /* APL.xcodeproj */;
				},
				{
					ProductGroup = 63CCF2F91275720F002D9731 /* Products */;
					ProjectRef = 63CCF2F81275720F002D9731 /* AudioOverload.xcodeproj */;
				},
				{
					ProductGroup = 63CCF2E7127571D6002D9731 /* Products */;
					ProjectRef = 63CCF2E6127571D6002D9731 /* CogAudio.xcodeproj */;
				},
				{
					ProductGroup = 63CCF3031275721B002D9731 /* Products */;
					ProjectRef = 63CCF3021275721B002D9731 /* CoreAudio.xcodeproj */;
				},
				{
					ProductGroup = 63CCF30C1275724D002D9731 /* Products */;
					ProjectRef = 63CCF30B1275724D002D9731 /* CueSheet.xcodeproj */;
				},
				{
					ProductGroup = 63CCF31512757268002D9731 /* Products */;
					ProjectRef = 63CCF31412757268002D9731 /* Dumb.xcodeproj */;
				},
				{
					ProductGroup = 63CCF31F12757277002D9731 /* Products */;
					ProjectRef = 63CCF31E12757277002D9731 /* FileSource.xcodeproj */;
				},
				{
					ProductGroup = 63CCF32812757282002D9731 /* Products */;
					ProjectRef = 63CCF32712757282002D9731 /* Flac.xcodeproj */;
				},
				{
					ProductGroup = 63CCF33212757294002D9731 /* Products */;
					ProjectRef = 63CCF33112757294002D9731 /* GME.xcodeproj */;
				},
				{
					ProductGroup = 63CCF33E127572B5002D9731 /* Products */;
					ProjectRef = 63CCF33D127572B5002D9731 /* HTTPSource.xcodeproj */;
				},
				{
					ProductGroup = 63CCF347127572C5002D9731 /* Products */;
					ProjectRef = 63CCF346127572C5002D9731 /* M3u.xcodeproj */;
				},
				{
					ProductGroup = 63CCF350127572DA002D9731 /* Products */;
					ProjectRef = 63CCF34F127572DA002D9731 /* MAD.xcodeproj */;
				},
				{
					ProductGroup = 63CCF35A127572E9002D9731 /* Products */;
					ProjectRef = 63CCF359127572E9002D9731 /* MonkeysAudio.xcodeproj */;
				},
				{
					ProductGroup = 63CCF364127572F6002D9731 /* Products */;
					ProjectRef = 63CCF363127572F6002D9731 /* Musepack.xcodeproj */;
				},
				{
					ProductGroup = 63CCF36E1275730E002D9731 /* Products */;
					ProjectRef = 63CCF36D1275730E002D9731 /* Pls.xcodeproj */;
				},
				{
					ProductGroup = 63CCF3771275731A002D9731 /* Products */;
					ProjectRef = 63CCF3761275731A002D9731 /* Quicktime.xcodeproj */;
				},
				{
					ProductGroup = 63CCF3801275732D002D9731 /* Products */;
					ProjectRef = 63CCF37F1275732D002D9731 /* Shorten.xcodeproj */;
				},
				{
					ProductGroup = 63CCF38A12757345002D9731 /* Products */;
					ProjectRef = 63CCF38912757345002D9731 /* TagLib.xcodeproj */;
				},
				{
					ProductGroup = 63CCF39412757354002D9731 /* Products */;
					ProjectRef = 63CCF39312757354002D9731 /* Vorbis.xcodeproj */;
				},
				{
					ProductGroup = 63CCF39E12757362002D9731 /* Products */;
					ProjectRef = 63CCF39D12757362002D9731 /* WavPack.xcodeproj */;
				},
				{
					ProductGroup = 63CCF3A81275736F002D9731 /* Products */;
					ProjectRef = 63CCF3A71275736F002D9731 /* WMA.xcodeproj */;
				},
			);
			projectRoot = "";
			targets = (
				8D1107260486CEB800E47090 /* Goonj */,
			);
		};
/* End PBXProject section */

/* Begin PBXReferenceProxy section */
		63CCF2EE127571D6002D9731 /* CogAudio.framework */ = {
			isa = PBXReferenceProxy;
			fileType = wrapper.framework;
			path = CogAudio.framework;
			remoteRef = 63CCF2ED127571D6002D9731 /* PBXContainerItemProxy */;
			sourceTree = BUILT_PRODUCTS_DIR;
		};
		63CCF2F7127571FC002D9731 /* APL.bundle */ = {
			isa = PBXReferenceProxy;
			fileType = wrapper.cfbundle;
			path = APL.bundle;
			remoteRef = 63CCF2F6127571FC002D9731 /* PBXContainerItemProxy */;
			sourceTree = BUILT_PRODUCTS_DIR;
		};
		63CCF3011275720F002D9731 /* AudioOverload.bundle */ = {
			isa = PBXReferenceProxy;
			fileType = wrapper.cfbundle;
			path = AudioOverload.bundle;
			remoteRef = 63CCF3001275720F002D9731 /* PBXContainerItemProxy */;
			sourceTree = BUILT_PRODUCTS_DIR;
		};
		63CCF30A1275721B002D9731 /* CoreAudio.bundle */ = {
			isa = PBXReferenceProxy;
			fileType = wrapper.cfbundle;
			path = CoreAudio.bundle;
			remoteRef = 63CCF3091275721B002D9731 /* PBXContainerItemProxy */;
			sourceTree = BUILT_PRODUCTS_DIR;
		};
		63CCF3131275724D002D9731 /* CueSheet.bundle */ = {
			isa = PBXReferenceProxy;
			fileType = wrapper.cfbundle;
			path = CueSheet.bundle;
			remoteRef = 63CCF3121275724D002D9731 /* PBXContainerItemProxy */;
			sourceTree = BUILT_PRODUCTS_DIR;
		};
		63CCF31D12757268002D9731 /* Dumb.bundle */ = {
			isa = PBXReferenceProxy;
			fileType = wrapper.cfbundle;
			path = Dumb.bundle;
			remoteRef = 63CCF31C12757268002D9731 /* PBXContainerItemProxy */;
			sourceTree = BUILT_PRODUCTS_DIR;
		};
		63CCF32612757277002D9731 /* FileSource.bundle */ = {
			isa = PBXReferenceProxy;
			fileType = wrapper.cfbundle;
			path = FileSource.bundle;
			remoteRef = 63CCF32512757277002D9731 /* PBXContainerItemProxy */;
			sourceTree = BUILT_PRODUCTS_DIR;
		};
		63CCF33012757282002D9731 /* Flac.bundle */ = {
			isa = PBXReferenceProxy;
			fileType = wrapper.cfbundle;
			path = Flac.bundle;
			remoteRef = 63CCF32F12757282002D9731 /* PBXContainerItemProxy */;
			sourceTree = BUILT_PRODUCTS_DIR;
		};
		63CCF33A12757294002D9731 /* GME.bundle */ = {
			isa = PBXReferenceProxy;
			fileType = wrapper.cfbundle;
			path = GME.bundle;
			remoteRef = 63CCF33912757294002D9731 /* PBXContainerItemProxy */;
			sourceTree = BUILT_PRODUCTS_DIR;
		};
		63CCF345127572B5002D9731 /* HTTPSource.bundle */ = {
			isa = PBXReferenceProxy;
			fileType = wrapper.cfbundle;
			path = HTTPSource.bundle;
			remoteRef = 63CCF344127572B5002D9731 /* PBXContainerItemProxy */;
			sourceTree = BUILT_PRODUCTS_DIR;
		};
		63CCF34E127572C5002D9731 /* M3u.bundle */ = {
			isa = PBXReferenceProxy;
			fileType = wrapper.cfbundle;
			path = M3u.bundle;
			remoteRef = 63CCF34D127572C5002D9731 /* PBXContainerItemProxy */;
			sourceTree = BUILT_PRODUCTS_DIR;
		};
		63CCF358127572DA002D9731 /* MAD.bundle */ = {
			isa = PBXReferenceProxy;
			fileType = wrapper.cfbundle;
			path = MAD.bundle;
			remoteRef = 63CCF357127572DA002D9731 /* PBXContainerItemProxy */;
			sourceTree = BUILT_PRODUCTS_DIR;
		};
		63CCF362127572E9002D9731 /* MonkeysAudio.bundle */ = {
			isa = PBXReferenceProxy;
			fileType = wrapper.cfbundle;
			path = MonkeysAudio.bundle;
			remoteRef = 63CCF361127572E9002D9731 /* PBXContainerItemProxy */;
			sourceTree = BUILT_PRODUCTS_DIR;
		};
		63CCF36C127572F6002D9731 /* Musepack.bundle */ = {
			isa = PBXReferenceProxy;
			fileType = wrapper.cfbundle;
			path = Musepack.bundle;
			remoteRef = 63CCF36B127572F6002D9731 /* PBXContainerItemProxy */;
			sourceTree = BUILT_PRODUCTS_DIR;
		};
		63CCF3751275730E002D9731 /* Pls.bundle */ = {
			isa = PBXReferenceProxy;
			fileType = wrapper.cfbundle;
			path = Pls.bundle;
			remoteRef = 63CCF3741275730E002D9731 /* PBXContainerItemProxy */;
			sourceTree = BUILT_PRODUCTS_DIR;
		};
		63CCF37E1275731A002D9731 /* Quicktime.bundle */ = {
			isa = PBXReferenceProxy;
			fileType = wrapper.cfbundle;
			path = Quicktime.bundle;
			remoteRef = 63CCF37D1275731A002D9731 /* PBXContainerItemProxy */;
			sourceTree = BUILT_PRODUCTS_DIR;
		};
		63CCF3881275732E002D9731 /* Shorten.bundle */ = {
			isa = PBXReferenceProxy;
			fileType = wrapper.cfbundle;
			path = Shorten.bundle;
			remoteRef = 63CCF3871275732E002D9731 /* PBXContainerItemProxy */;
			sourceTree = BUILT_PRODUCTS_DIR;
		};
		63CCF39212757345002D9731 /* TagLib.bundle */ = {
			isa = PBXReferenceProxy;
			fileType = wrapper.cfbundle;
			path = TagLib.bundle;
			remoteRef = 63CCF39112757345002D9731 /* PBXContainerItemProxy */;
			sourceTree = BUILT_PRODUCTS_DIR;
		};
		63CCF39C12757354002D9731 /* Vorbis.bundle */ = {
			isa = PBXReferenceProxy;
			fileType = wrapper.cfbundle;
			path = Vorbis.bundle;
			remoteRef = 63CCF39B12757354002D9731 /* PBXContainerItemProxy */;
			sourceTree = BUILT_PRODUCTS_DIR;
		};
		63CCF3A612757363002D9731 /* WavPack.bundle */ = {
			isa = PBXReferenceProxy;
			fileType = wrapper.cfbundle;
			path = WavPack.bundle;
			remoteRef = 63CCF3A512757363002D9731 /* PBXContainerItemProxy */;
			sourceTree = BUILT_PRODUCTS_DIR;
		};
		63CCF3B01275736F002D9731 /* WMA.bundle */ = {
			isa = PBXReferenceProxy;
			fileType = wrapper.cfbundle;
			path = WMA.bundle;
			remoteRef = 63CCF3AF1275736F002D9731 /* PBXContainerItemProxy */;
			sourceTree = BUILT_PRODUCTS_DIR;
		};
/* End PBXReferenceProxy section */

/* Begin PBXResourcesBuildPhase section */
		8D1107290486CEB800E47090 /* Resources */ = {
			isa = PBXResourcesBuildPhase;
			buildActionMask = 2147483647;
			files = (
				8D11072B0486CEB800E47090 /* InfoPlist.strings in Resources */,
				1DDD58160DA1D0A300B32029 /* MainMenu.xib in Resources */,
				638390811058B30000DCE47D /* LICENSE in Resources */,
				638390821058B30000DCE47D /* README in Resources */,
				638392BE1058D9CA00DCE47D /* MainWindow.xib in Resources */,
				C566A013107B1A7F000D322E /* HACKING in Resources */,
				63349B1010B596F4000155E2 /* Preferences.xib in Resources */,
				C551BA7B10B54F2E00174867 /* Credits.html in Resources */,
				C5D6AB5B10ED515200D53F25 /* GStatusBar.png in Resources */,
				C5D6AB5C10ED515200D53F25 /* GStatusBarAlternate.png in Resources */,
				C5E55E931104D70E002A64E5 /* GVolumeHigh.png in Resources */,
				C5E55E941104D70E002A64E5 /* GVolumeLow.png in Resources */,
				C521D6B1111F1A6B008B1179 /* MetaEditor.xib in Resources */,
				C58308B5111FFC550089D77F /* GoonjFFdown.png in Resources */,
				C58308B6111FFC550089D77F /* GoonjFFup.png in Resources */,
				C58308B7111FFC550089D77F /* GoonjPlaydown.png in Resources */,
				C58308B8111FFC550089D77F /* GoonjPlayup.png in Resources */,
				C58308B9111FFC550089D77F /* GoonjRewinddown.png in Resources */,
				C58308BA111FFC550089D77F /* GoonjRewindup.png in Resources */,
			);
			runOnlyForDeploymentPostprocessing = 0;
		};
/* End PBXResourcesBuildPhase section */

/* Begin PBXShellScriptBuildPhase section */
		C54EC3B0111B5757008D852B /* ShellScript */ = {
			isa = PBXShellScriptBuildPhase;
			buildActionMask = 2147483647;
			files = (
			);
			inputPaths = (
			);
			outputPaths = (
			);
			runOnlyForDeploymentPostprocessing = 0;
			shellPath = /bin/sh;
			shellScript = "install_name_tool -change /usr/local/lib/libtag.1.dylib @loader_path/../Frameworks/libtag.dylib \"$TARGET_BUILD_DIR/$PRODUCT_NAME.app/Contents/MacOS/$PRODUCT_NAME\"";
		};
/* End PBXShellScriptBuildPhase section */

/* Begin PBXSourcesBuildPhase section */
		8D11072C0486CEB800E47090 /* Sources */ = {
			isa = PBXSourcesBuildPhase;
			buildActionMask = 2147483647;
			files = (
				8D11072D0486CEB800E47090 /* main.m in Sources */,
				638392261058D34C00DCE47D /* GAppController.m in Sources */,
				63274DF6105A0DDD005AC3BA /* GMainWindowController.m in Sources */,
				63ECAFC5105B59A000E635C7 /* GPlaylistViewController.m in Sources */,
				63917FB41062871C00DDF469 /* GTrack.m in Sources */,
				63668AE61084CD0100CC02E5 /* GXSPFPlaylist.m in Sources */,
				63668AE91084CD0A00CC02E5 /* GM3UPlaylist.m in Sources */,
				635CBAB510B675F800D82472 /* GUtilities.m in Sources */,
				C581284F10B80EDF00BBF0F6 /* GPreferencesController.m in Sources */,
				634CADC4110095EF00BFC105 /* GDirectoryWatcher.m in Sources */,
				631CEE44111309E40005372F /* GLibraryManager.m in Sources */,
				C54EC422111C4B25008D852B /* GMetadataEditorController.m in Sources */,
				C58308FD1120436A0089D77F /* GPlaybackController.m in Sources */,
				C5FA7194114F930A000A5AC3 /* Library.xcdatamodel in Sources */,
				63D8005012196978002DEF66 /* GPlaylist.m in Sources */,
			);
			runOnlyForDeploymentPostprocessing = 0;
		};
/* End PBXSourcesBuildPhase section */

/* Begin PBXTargetDependency section */
		63CCF3BD12757387002D9731 /* PBXTargetDependency */ = {
			isa = PBXTargetDependency;
			name = "CogAudio Framework";
			targetProxy = 63CCF3BC12757387002D9731 /* PBXContainerItemProxy */;
		};
/* End PBXTargetDependency section */

/* Begin PBXVariantGroup section */
		089C165CFE840E0CC02AAC07 /* InfoPlist.strings */ = {
			isa = PBXVariantGroup;
			children = (
				089C165DFE840E0CC02AAC07 /* English */,
			);
			name = InfoPlist.strings;
			sourceTree = "<group>";
		};
		1DDD58140DA1D0A300B32029 /* MainMenu.xib */ = {
			isa = PBXVariantGroup;
			children = (
				1DDD58150DA1D0A300B32029 /* English */,
			);
			name = MainMenu.xib;
			sourceTree = "<group>";
		};
		63349B0F10B596F4000155E2 /* Preferences.xib */ = {
			isa = PBXVariantGroup;
			children = (
				C551B84E10AFE4CC00174867 /* English */,
			);
			name = Preferences.xib;
			sourceTree = "<group>";
		};
		638392BD1058D9CA00DCE47D /* MainWindow.xib */ = {
			isa = PBXVariantGroup;
			children = (
				6383914A1058BE6C00DCE47D /* English */,
			);
			name = MainWindow.xib;
			sourceTree = "<group>";
		};
		C521D6B0111F1A6B008B1179 /* MetaEditor.xib */ = {
			isa = PBXVariantGroup;
			children = (
				C521D6AD111F1A5F008B1179 /* English */,
			);
			name = MetaEditor.xib;
			sourceTree = "<group>";
		};
/* End PBXVariantGroup section */

/* Begin XCBuildConfiguration section */
		C01FCF4B08A954540054247B /* Debug */ = {
			isa = XCBuildConfiguration;
			buildSettings = {
				ALWAYS_SEARCH_USER_PATHS = NO;
				COPY_PHASE_STRIP = NO;
				FRAMEWORK_SEARCH_PATHS = (
					"$(inherited)",
					"\"$(DEVELOPER_FRAMEWORKS_DIR)\"",
				);
				GCC_DYNAMIC_NO_PIC = NO;
				GCC_ENABLE_FIX_AND_CONTINUE = YES;
				GCC_MODEL_TUNING = G5;
				GCC_OPTIMIZATION_LEVEL = 0;
				GCC_PRECOMPILE_PREFIX_HEADER = YES;
				GCC_PREFIX_HEADER = Goonj_Prefix.pch;
				INFOPLIST_FILE = Info.plist;
				INSTALL_PATH = "$(HOME)/Applications";
				LIBRARY_SEARCH_PATHS = (
					"$(inherited)",
					/opt/local/lib,
				);
				PRODUCT_NAME = Goonj;
			};
			name = Debug;
		};
		C01FCF4C08A954540054247B /* Release */ = {
			isa = XCBuildConfiguration;
			buildSettings = {
				ALWAYS_SEARCH_USER_PATHS = NO;
				DEBUG_INFORMATION_FORMAT = "dwarf-with-dsym";
				FRAMEWORK_SEARCH_PATHS = (
					"$(inherited)",
					"\"$(DEVELOPER_FRAMEWORKS_DIR)\"",
				);
				GCC_MODEL_TUNING = G5;
				GCC_PRECOMPILE_PREFIX_HEADER = YES;
				GCC_PREFIX_HEADER = Goonj_Prefix.pch;
				INFOPLIST_FILE = Info.plist;
				INSTALL_PATH = "$(HOME)/Applications";
				LIBRARY_SEARCH_PATHS = (
					"$(inherited)",
					/opt/local/lib,
				);
				PRODUCT_NAME = Goonj;
			};
			name = Release;
		};
		C01FCF4F08A954540054247B /* Debug */ = {
			isa = XCBuildConfiguration;
			buildSettings = {
				ARCHS = "$(ARCHS_STANDARD_64_BIT)";
				GCC_C_LANGUAGE_STANDARD = c99;
				GCC_ENABLE_OBJC_GC = required;
				GCC_MODEL_TUNING = "";
				GCC_OPTIMIZATION_LEVEL = s;
				GCC_WARN_ABOUT_RETURN_TYPE = YES;
				GCC_WARN_UNUSED_VARIABLE = YES;
				HEADER_SEARCH_PATHS = "";
				LIBRARY_SEARCH_PATHS = "";
				ONLY_ACTIVE_ARCH = YES;
				PREBINDING = NO;
				RUN_CLANG_STATIC_ANALYZER = NO;
				SDKROOT = macosx10.6;
				USER_HEADER_SEARCH_PATHS = "/opt/local/include/**";
				USE_HEADERMAP = false;
				VALID_ARCHS = "i386 x86_64";
			};
			name = Debug;
		};
		C01FCF5008A954540054247B /* Release */ = {
			isa = XCBuildConfiguration;
			buildSettings = {
				ARCHS = "$(ARCHS_STANDARD_64_BIT)";
				DEAD_CODE_STRIPPING = YES;
				GCC_C_LANGUAGE_STANDARD = c99;
				GCC_ENABLE_OBJC_GC = required;
				GCC_GENERATE_DEBUGGING_SYMBOLS = NO;
				GCC_MODEL_TUNING = "";
				GCC_OPTIMIZATION_LEVEL = s;
				GCC_WARN_ABOUT_RETURN_TYPE = YES;
				GCC_WARN_UNUSED_VARIABLE = YES;
				HEADER_SEARCH_PATHS = "";
				LIBRARY_SEARCH_PATHS = "";
				ONLY_ACTIVE_ARCH = YES;
				PREBINDING = NO;
				RUN_CLANG_STATIC_ANALYZER = NO;
				SDKROOT = macosx10.6;
				USER_HEADER_SEARCH_PATHS = "/opt/local/include/**";
				USE_HEADERMAP = false;
				VALID_ARCHS = "i386 x86_64";
			};
			name = Release;
		};
/* End XCBuildConfiguration section */

/* Begin XCConfigurationList section */
		C01FCF4A08A954540054247B /* Build configuration list for PBXNativeTarget "Goonj" */ = {
			isa = XCConfigurationList;
			buildConfigurations = (
				C01FCF4B08A954540054247B /* Debug */,
				C01FCF4C08A954540054247B /* Release */,
			);
			defaultConfigurationIsVisible = 0;
			defaultConfigurationName = Debug;
		};
		C01FCF4E08A954540054247B /* Build configuration list for PBXProject "Goonj" */ = {
			isa = XCConfigurationList;
			buildConfigurations = (
				C01FCF4F08A954540054247B /* Debug */,
				C01FCF5008A954540054247B /* Release */,
			);
			defaultConfigurationIsVisible = 0;
			defaultConfigurationName = Debug;
		};
/* End XCConfigurationList section */
	};
	rootObject = 29B97313FDCFA39411CA2CEA /* Project object */;
}
