// !$*UTF8*$!
{
	archiveVersion = 1;
	classes = {
	};
	objectVersion = 46;
	objects = {

/* Begin PBXBuildFile section */
		1DDD58160DA1D0A300B32029 /* MainMenu.xib in Resources */ = {isa = PBXBuildFile; fileRef = 1DDD58140DA1D0A300B32029 /* MainMenu.xib */; };
		63274DF6105A0DDD005AC3BA /* GMainWindowController.m in Sources */ = {isa = PBXBuildFile; fileRef = 63274DF5105A0DDD005AC3BA /* GMainWindowController.m */; };
		63349B1010B596F4000155E2 /* Preferences.xib in Resources */ = {isa = PBXBuildFile; fileRef = 63349B0F10B596F4000155E2 /* Preferences.xib */; };
		634CADC3110095EF00BFC105 /* GDirectoryWatcher.h in Headers */ = {isa = PBXBuildFile; fileRef = 634CADC1110095EF00BFC105 /* GDirectoryWatcher.h */; };
		634CADC4110095EF00BFC105 /* GDirectoryWatcher.m in Sources */ = {isa = PBXBuildFile; fileRef = 634CADC2110095EF00BFC105 /* GDirectoryWatcher.m */; };
		634CADC81100C03F00BFC105 /* CoreServices.framework in Frameworks */ = {isa = PBXBuildFile; fileRef = 634CADC71100C03F00BFC105 /* CoreServices.framework */; };
		635CBAB510B675F800D82472 /* GUtilities.m in Sources */ = {isa = PBXBuildFile; fileRef = 635CBAB410B675F800D82472 /* GUtilities.m */; };
		63668AE61084CD0100CC02E5 /* GXSPFPlaylist.m in Sources */ = {isa = PBXBuildFile; fileRef = 63668AE51084CD0100CC02E5 /* GXSPFPlaylist.m */; };
		63668AE91084CD0A00CC02E5 /* GM3UPlaylist.m in Sources */ = {isa = PBXBuildFile; fileRef = 63668AE81084CD0A00CC02E5 /* GM3UPlaylist.m */; };
		638390811058B30000DCE47D /* LICENSE in Resources */ = {isa = PBXBuildFile; fileRef = 6383907F1058B30000DCE47D /* LICENSE */; };
		638390821058B30000DCE47D /* README in Resources */ = {isa = PBXBuildFile; fileRef = 638390801058B30000DCE47D /* README */; };
		638392261058D34C00DCE47D /* GAppController.m in Sources */ = {isa = PBXBuildFile; fileRef = 638392251058D34C00DCE47D /* GAppController.m */; };
		638392BE1058D9CA00DCE47D /* MainWindow.xib in Resources */ = {isa = PBXBuildFile; fileRef = 638392BD1058D9CA00DCE47D /* MainWindow.xib */; };
		63917FB41062871C00DDF469 /* GTrack.m in Sources */ = {isa = PBXBuildFile; fileRef = 63917FB31062871C00DDF469 /* GTrack.m */; };
		63ECAFC5105B59A000E635C7 /* GPlaylistViewController.m in Sources */ = {isa = PBXBuildFile; fileRef = 63ECAFC4105B59A000E635C7 /* GPlaylistViewController.m */; };
		8D11072B0486CEB800E47090 /* InfoPlist.strings in Resources */ = {isa = PBXBuildFile; fileRef = 089C165CFE840E0CC02AAC07 /* InfoPlist.strings */; };
		8D11072D0486CEB800E47090 /* main.m in Sources */ = {isa = PBXBuildFile; fileRef = 29B97316FDCFA39411CA2CEA /* main.m */; settings = {ATTRIBUTES = (); }; };
		8D11072F0486CEB800E47090 /* Cocoa.framework in Frameworks */ = {isa = PBXBuildFile; fileRef = 1058C7A1FEA54F0111CA2CBB /* Cocoa.framework */; };
		C551BA7B10B54F2E00174867 /* Credits.html in Resources */ = {isa = PBXBuildFile; fileRef = C551BA7A10B54F2E00174867 /* Credits.html */; };
		C566A013107B1A7F000D322E /* HACKING in Resources */ = {isa = PBXBuildFile; fileRef = C566A012107B1A7F000D322E /* HACKING */; };
		C581284F10B80EDF00BBF0F6 /* GPreferencesController.m in Sources */ = {isa = PBXBuildFile; fileRef = C581284E10B80EDF00BBF0F6 /* GPreferencesController.m */; };
		C5D6AB5B10ED515200D53F25 /* GStatusBar.png in Resources */ = {isa = PBXBuildFile; fileRef = C5D6AB5910ED515200D53F25 /* GStatusBar.png */; };
		C5D6AB5C10ED515200D53F25 /* GStatusBarAlternate.png in Resources */ = {isa = PBXBuildFile; fileRef = C5D6AB5A10ED515200D53F25 /* GStatusBarAlternate.png */; };
		C5DC9B3610F9193C0088381D /* GNextButton.png in Resources */ = {isa = PBXBuildFile; fileRef = C5DC9B3310F9193C0088381D /* GNextButton.png */; };
		C5DC9B3710F9193C0088381D /* GPlayButton.png in Resources */ = {isa = PBXBuildFile; fileRef = C5DC9B3410F9193C0088381D /* GPlayButton.png */; };
		C5DC9B3810F9193C0088381D /* GPreviousButton.png in Resources */ = {isa = PBXBuildFile; fileRef = C5DC9B3510F9193C0088381D /* GPreviousButton.png */; };
		C5E55E931104D70E002A64E5 /* GVolumeHigh.png in Resources */ = {isa = PBXBuildFile; fileRef = C5E55E911104D70E002A64E5 /* GVolumeHigh.png */; };
		C5E55E941104D70E002A64E5 /* GVolumeLow.png in Resources */ = {isa = PBXBuildFile; fileRef = C5E55E921104D70E002A64E5 /* GVolumeLow.png */; };
		C5E5623E110590B9002A64E5 /* BWToolkitFramework.framework in Frameworks */ = {isa = PBXBuildFile; fileRef = C5E5623D110590B9002A64E5 /* BWToolkitFramework.framework */; };
		C5E56240110590B9002A64E5 /* PSMTabBarControl.framework in Frameworks */ = {isa = PBXBuildFile; fileRef = C5E5623F110590B9002A64E5 /* PSMTabBarControl.framework */; };
		C5E5627A110590C9002A64E5 /* BWToolkitFramework.framework in CopyFiles */ = {isa = PBXBuildFile; fileRef = C5E5623D110590B9002A64E5 /* BWToolkitFramework.framework */; };
		C5E5627B110590C9002A64E5 /* PSMTabBarControl.framework in CopyFiles */ = {isa = PBXBuildFile; fileRef = C5E5623F110590B9002A64E5 /* PSMTabBarControl.framework */; };
/* End PBXBuildFile section */

/* Begin PBXCopyFilesBuildPhase section */
		C5E55EF91104EF50002A64E5 /* CopyFiles */ = {
			isa = PBXCopyFilesBuildPhase;
			buildActionMask = 2147483647;
			dstPath = "";
			dstSubfolderSpec = 10;
			files = (
				C5E5627A110590C9002A64E5 /* BWToolkitFramework.framework in CopyFiles */,
				C5E5627B110590C9002A64E5 /* PSMTabBarControl.framework in CopyFiles */,
			);
			runOnlyForDeploymentPostprocessing = 0;
		};
/* End PBXCopyFilesBuildPhase section */

/* Begin PBXFileReference section */
		089C165DFE840E0CC02AAC07 /* English */ = {isa = PBXFileReference; fileEncoding = 10; lastKnownFileType = text.plist.strings; name = English; path = English.lproj/InfoPlist.strings; sourceTree = "<group>"; };
		1058C7A1FEA54F0111CA2CBB /* Cocoa.framework */ = {isa = PBXFileReference; lastKnownFileType = wrapper.framework; name = Cocoa.framework; path = /System/Library/Frameworks/Cocoa.framework; sourceTree = "<absolute>"; };
		1DDD58150DA1D0A300B32029 /* English */ = {isa = PBXFileReference; lastKnownFileType = file.xib; name = English; path = English.lproj/MainMenu.xib; sourceTree = "<group>"; };
		29B97316FDCFA39411CA2CEA /* main.m */ = {isa = PBXFileReference; fileEncoding = 4; lastKnownFileType = sourcecode.c.objc; path = main.m; sourceTree = "<group>"; };
		32CA4F630368D1EE00C91783 /* Goonj_Prefix.pch */ = {isa = PBXFileReference; fileEncoding = 4; lastKnownFileType = sourcecode.c.h; path = Goonj_Prefix.pch; sourceTree = "<group>"; };
		63274DF4105A0DDD005AC3BA /* GMainWindowController.h */ = {isa = PBXFileReference; fileEncoding = 4; lastKnownFileType = sourcecode.c.h; path = GMainWindowController.h; sourceTree = "<group>"; };
		63274DF5105A0DDD005AC3BA /* GMainWindowController.m */ = {isa = PBXFileReference; fileEncoding = 4; lastKnownFileType = sourcecode.c.objc; path = GMainWindowController.m; sourceTree = "<group>"; };
		634CADC1110095EF00BFC105 /* GDirectoryWatcher.h */ = {isa = PBXFileReference; fileEncoding = 4; lastKnownFileType = sourcecode.c.h; path = GDirectoryWatcher.h; sourceTree = "<group>"; };
		634CADC2110095EF00BFC105 /* GDirectoryWatcher.m */ = {isa = PBXFileReference; fileEncoding = 4; lastKnownFileType = sourcecode.c.objc; path = GDirectoryWatcher.m; sourceTree = "<group>"; };
		634CADC71100C03F00BFC105 /* CoreServices.framework */ = {isa = PBXFileReference; lastKnownFileType = wrapper.framework; name = CoreServices.framework; path = System/Library/Frameworks/CoreServices.framework; sourceTree = SDKROOT; };
		635CBAB310B675F800D82472 /* GUtilities.h */ = {isa = PBXFileReference; fileEncoding = 4; lastKnownFileType = sourcecode.c.h; path = GUtilities.h; sourceTree = "<group>"; };
		635CBAB410B675F800D82472 /* GUtilities.m */ = {isa = PBXFileReference; fileEncoding = 4; lastKnownFileType = sourcecode.c.objc; path = GUtilities.m; sourceTree = "<group>"; };
		63668AE41084CD0100CC02E5 /* GXSPFPlaylist.h */ = {isa = PBXFileReference; fileEncoding = 4; lastKnownFileType = sourcecode.c.h; path = GXSPFPlaylist.h; sourceTree = "<group>"; };
		63668AE51084CD0100CC02E5 /* GXSPFPlaylist.m */ = {isa = PBXFileReference; fileEncoding = 4; lastKnownFileType = sourcecode.c.objc; path = GXSPFPlaylist.m; sourceTree = "<group>"; };
		63668AE71084CD0A00CC02E5 /* GM3UPlaylist.h */ = {isa = PBXFileReference; fileEncoding = 4; lastKnownFileType = sourcecode.c.h; path = GM3UPlaylist.h; sourceTree = "<group>"; };
		63668AE81084CD0A00CC02E5 /* GM3UPlaylist.m */ = {isa = PBXFileReference; fileEncoding = 4; lastKnownFileType = sourcecode.c.objc; path = GM3UPlaylist.m; sourceTree = "<group>"; };
		6383907F1058B30000DCE47D /* LICENSE */ = {isa = PBXFileReference; fileEncoding = 4; lastKnownFileType = text; path = LICENSE; sourceTree = "<group>"; };
		638390801058B30000DCE47D /* README */ = {isa = PBXFileReference; fileEncoding = 4; lastKnownFileType = text; path = README; sourceTree = "<group>"; };
		6383914A1058BE6C00DCE47D /* English */ = {isa = PBXFileReference; lastKnownFileType = file.xib; name = English; path = English.lproj/MainWindow.xib; sourceTree = "<group>"; };
		638392241058D34C00DCE47D /* GAppController.h */ = {isa = PBXFileReference; fileEncoding = 4; lastKnownFileType = sourcecode.c.h; path = GAppController.h; sourceTree = "<group>"; };
		638392251058D34C00DCE47D /* GAppController.m */ = {isa = PBXFileReference; fileEncoding = 4; lastKnownFileType = sourcecode.c.objc; path = GAppController.m; sourceTree = "<group>"; };
		63917FB21062871C00DDF469 /* GTrack.h */ = {isa = PBXFileReference; fileEncoding = 4; lastKnownFileType = sourcecode.c.h; path = GTrack.h; sourceTree = "<group>"; };
		63917FB31062871C00DDF469 /* GTrack.m */ = {isa = PBXFileReference; fileEncoding = 4; lastKnownFileType = sourcecode.c.objc; path = GTrack.m; sourceTree = "<group>"; };
		63ECAFC3105B59A000E635C7 /* GPlaylistViewController.h */ = {isa = PBXFileReference; fileEncoding = 4; lastKnownFileType = sourcecode.c.h; path = GPlaylistViewController.h; sourceTree = "<group>"; };
		63ECAFC4105B59A000E635C7 /* GPlaylistViewController.m */ = {isa = PBXFileReference; fileEncoding = 4; lastKnownFileType = sourcecode.c.objc; path = GPlaylistViewController.m; sourceTree = "<group>"; };
		8D1107310486CEB800E47090 /* Info.plist */ = {isa = PBXFileReference; fileEncoding = 4; lastKnownFileType = text.plist.xml; path = Info.plist; sourceTree = "<group>"; };
		8D1107320486CEB800E47090 /* Goonj.app */ = {isa = PBXFileReference; explicitFileType = wrapper.application; includeInIndex = 0; path = Goonj.app; sourceTree = BUILT_PRODUCTS_DIR; };
		C551B84E10AFE4CC00174867 /* English */ = {isa = PBXFileReference; lastKnownFileType = file.xib; name = English; path = English.lproj/Preferences.xib; sourceTree = "<group>"; };
		C551BA7A10B54F2E00174867 /* Credits.html */ = {isa = PBXFileReference; fileEncoding = 4; lastKnownFileType = text.html; path = Credits.html; sourceTree = "<group>"; };
		C566A012107B1A7F000D322E /* HACKING */ = {isa = PBXFileReference; fileEncoding = 4; lastKnownFileType = text; path = HACKING; sourceTree = "<group>"; };
		C581284D10B80EDF00BBF0F6 /* GPreferencesController.h */ = {isa = PBXFileReference; fileEncoding = 4; lastKnownFileType = sourcecode.c.h; path = GPreferencesController.h; sourceTree = "<group>"; };
		C581284E10B80EDF00BBF0F6 /* GPreferencesController.m */ = {isa = PBXFileReference; fileEncoding = 4; lastKnownFileType = sourcecode.c.objc; path = GPreferencesController.m; sourceTree = "<group>"; };
		C594BC1910C99EDB006AB16C /* GCollectionProtocols.h */ = {isa = PBXFileReference; fileEncoding = 4; lastKnownFileType = sourcecode.c.h; path = GCollectionProtocols.h; sourceTree = "<group>"; };
		C5D6AB5910ED515200D53F25 /* GStatusBar.png */ = {isa = PBXFileReference; lastKnownFileType = image.png; name = GStatusBar.png; path = Images/GStatusBar.png; sourceTree = "<group>"; };
		C5D6AB5A10ED515200D53F25 /* GStatusBarAlternate.png */ = {isa = PBXFileReference; lastKnownFileType = image.png; name = GStatusBarAlternate.png; path = Images/GStatusBarAlternate.png; sourceTree = "<group>"; };
		C5DC9B3310F9193C0088381D /* GNextButton.png */ = {isa = PBXFileReference; lastKnownFileType = image.png; name = GNextButton.png; path = Images/GNextButton.png; sourceTree = "<group>"; };
		C5DC9B3410F9193C0088381D /* GPlayButton.png */ = {isa = PBXFileReference; lastKnownFileType = image.png; name = GPlayButton.png; path = Images/GPlayButton.png; sourceTree = "<group>"; };
		C5DC9B3510F9193C0088381D /* GPreviousButton.png */ = {isa = PBXFileReference; lastKnownFileType = image.png; name = GPreviousButton.png; path = Images/GPreviousButton.png; sourceTree = "<group>"; };
		C5E55E911104D70E002A64E5 /* GVolumeHigh.png */ = {isa = PBXFileReference; lastKnownFileType = image.png; name = GVolumeHigh.png; path = Images/GVolumeHigh.png; sourceTree = "<group>"; };
		C5E55E921104D70E002A64E5 /* GVolumeLow.png */ = {isa = PBXFileReference; lastKnownFileType = image.png; name = GVolumeLow.png; path = Images/GVolumeLow.png; sourceTree = "<group>"; };
		C5E5623D110590B9002A64E5 /* BWToolkitFramework.framework */ = {isa = PBXFileReference; lastKnownFileType = wrapper.framework; name = BWToolkitFramework.framework; path = Frameworks/BWToolkitFramework.framework; sourceTree = "<group>"; };
		C5E5623F110590B9002A64E5 /* PSMTabBarControl.framework */ = {isa = PBXFileReference; lastKnownFileType = wrapper.framework; name = PSMTabBarControl.framework; path = Frameworks/PSMTabBarControl.framework; sourceTree = "<group>"; };
/* End PBXFileReference section */

/* Begin PBXFrameworksBuildPhase section */
		8D11072E0486CEB800E47090 /* Frameworks */ = {
			isa = PBXFrameworksBuildPhase;
			buildActionMask = 2147483647;
			files = (
				8D11072F0486CEB800E47090 /* Cocoa.framework in Frameworks */,
				634CADC81100C03F00BFC105 /* CoreServices.framework in Frameworks */,
				C5E5623E110590B9002A64E5 /* BWToolkitFramework.framework in Frameworks */,
				C5E56240110590B9002A64E5 /* PSMTabBarControl.framework in Frameworks */,
			);
			runOnlyForDeploymentPostprocessing = 0;
		};
/* End PBXFrameworksBuildPhase section */

/* Begin PBXGroup section */
		080E96DDFE201D6D7F000001 /* Classes */ = {
			isa = PBXGroup;
			children = (
				634CADC0110095C400BFC105 /* Library */,
				63668AE31084CC7600CC02E5 /* Playlist */,
				C594BC1910C99EDB006AB16C /* GCollectionProtocols.h */,
				C581284D10B80EDF00BBF0F6 /* GPreferencesController.h */,
				C581284E10B80EDF00BBF0F6 /* GPreferencesController.m */,
				638392241058D34C00DCE47D /* GAppController.h */,
				638392251058D34C00DCE47D /* GAppController.m */,
				63274DF4105A0DDD005AC3BA /* GMainWindowController.h */,
				63274DF5105A0DDD005AC3BA /* GMainWindowController.m */,
				63ECAFC3105B59A000E635C7 /* GPlaylistViewController.h */,
				63ECAFC4105B59A000E635C7 /* GPlaylistViewController.m */,
				63917FB21062871C00DDF469 /* GTrack.h */,
				63917FB31062871C00DDF469 /* GTrack.m */,
				635CBAB310B675F800D82472 /* GUtilities.h */,
				635CBAB410B675F800D82472 /* GUtilities.m */,
			);
			name = Classes;
			sourceTree = "<group>";
		};
		1058C7A0FEA54F0111CA2CBB /* Linked Frameworks */ = {
			isa = PBXGroup;
			children = (
				1058C7A1FEA54F0111CA2CBB /* Cocoa.framework */,
				634CADC71100C03F00BFC105 /* CoreServices.framework */,
			);
			name = "Linked Frameworks";
			sourceTree = "<group>";
		};
		1058C7A2FEA54F0111CA2CBB /* Other Frameworks */ = {
			isa = PBXGroup;
			children = (
				C5E5623D110590B9002A64E5 /* BWToolkitFramework.framework */,
				C5E5623F110590B9002A64E5 /* PSMTabBarControl.framework */,
			);
			name = "Other Frameworks";
			sourceTree = "<group>";
		};
		19C28FACFE9D520D11CA2CBB /* Products */ = {
			isa = PBXGroup;
			children = (
				8D1107320486CEB800E47090 /* Goonj.app */,
			);
			name = Products;
			sourceTree = "<group>";
		};
		29B97314FDCFA39411CA2CEA /* Goonj */ = {
			isa = PBXGroup;
			children = (
				080E96DDFE201D6D7F000001 /* Classes */,
				29B97315FDCFA39411CA2CEA /* Other Sources */,
				29B97317FDCFA39411CA2CEA /* Resources */,
				29B97323FDCFA39411CA2CEA /* Frameworks */,
				19C28FACFE9D520D11CA2CBB /* Products */,
			);
			name = Goonj;
			sourceTree = "<group>";
		};
		29B97315FDCFA39411CA2CEA /* Other Sources */ = {
			isa = PBXGroup;
			children = (
				32CA4F630368D1EE00C91783 /* Goonj_Prefix.pch */,
				29B97316FDCFA39411CA2CEA /* main.m */,
			);
			name = "Other Sources";
			sourceTree = "<group>";
		};
		29B97317FDCFA39411CA2CEA /* Resources */ = {
			isa = PBXGroup;
			children = (
				635CBAEF10B67AA200D82472 /* Interface */,
				C5D6AB5D10ED515900D53F25 /* Images */,
				C551BA7A10B54F2E00174867 /* Credits.html */,
				6383907F1058B30000DCE47D /* LICENSE */,
				638390801058B30000DCE47D /* README */,
				C566A012107B1A7F000D322E /* HACKING */,
				8D1107310486CEB800E47090 /* Info.plist */,
				089C165CFE840E0CC02AAC07 /* InfoPlist.strings */,
			);
			name = Resources;
			sourceTree = "<group>";
		};
		29B97323FDCFA39411CA2CEA /* Frameworks */ = {
			isa = PBXGroup;
			children = (
				1058C7A0FEA54F0111CA2CBB /* Linked Frameworks */,
				1058C7A2FEA54F0111CA2CBB /* Other Frameworks */,
			);
			name = Frameworks;
			sourceTree = "<group>";
		};
		634CADC0110095C400BFC105 /* Library */ = {
			isa = PBXGroup;
			children = (
				634CADC1110095EF00BFC105 /* GDirectoryWatcher.h */,
				634CADC2110095EF00BFC105 /* GDirectoryWatcher.m */,
			);
			name = Library;
			sourceTree = "<group>";
		};
		635CBAEF10B67AA200D82472 /* Interface */ = {
			isa = PBXGroup;
			children = (
				63349B0F10B596F4000155E2 /* Preferences.xib */,
				638392BD1058D9CA00DCE47D /* MainWindow.xib */,
				1DDD58140DA1D0A300B32029 /* MainMenu.xib */,
			);
			name = Interface;
			sourceTree = "<group>";
		};
		63668AE31084CC7600CC02E5 /* Playlist */ = {
			isa = PBXGroup;
			children = (
				63668AE41084CD0100CC02E5 /* GXSPFPlaylist.h */,
				63668AE51084CD0100CC02E5 /* GXSPFPlaylist.m */,
				63668AE71084CD0A00CC02E5 /* GM3UPlaylist.h */,
				63668AE81084CD0A00CC02E5 /* GM3UPlaylist.m */,
			);
			name = Playlist;
			sourceTree = "<group>";
		};
		C5D6AB5D10ED515900D53F25 /* Images */ = {
			isa = PBXGroup;
			children = (
				C5E55E911104D70E002A64E5 /* GVolumeHigh.png */,
				C5E55E921104D70E002A64E5 /* GVolumeLow.png */,
				C5DC9B3310F9193C0088381D /* GNextButton.png */,
				C5DC9B3410F9193C0088381D /* GPlayButton.png */,
				C5DC9B3510F9193C0088381D /* GPreviousButton.png */,
				C5D6AB5910ED515200D53F25 /* GStatusBar.png */,
				C5D6AB5A10ED515200D53F25 /* GStatusBarAlternate.png */,
			);
			name = Images;
			sourceTree = "<group>";
		};
/* End PBXGroup section */

/* Begin PBXHeadersBuildPhase section */
		C5DC9AD610F908450088381D /* Headers */ = {
			isa = PBXHeadersBuildPhase;
			buildActionMask = 2147483647;
			files = (
				634CADC3110095EF00BFC105 /* GDirectoryWatcher.h in Headers */,
			);
			runOnlyForDeploymentPostprocessing = 0;
		};
/* End PBXHeadersBuildPhase section */

/* Begin PBXNativeTarget section */
		8D1107260486CEB800E47090 /* Goonj */ = {
			isa = PBXNativeTarget;
			buildConfigurationList = C01FCF4A08A954540054247B /* Build configuration list for PBXNativeTarget "Goonj" */;
			buildPhases = (
				8D1107290486CEB800E47090 /* Resources */,
				8D11072C0486CEB800E47090 /* Sources */,
				8D11072E0486CEB800E47090 /* Frameworks */,
				C5DC9AD610F908450088381D /* Headers */,
				C5E55EF91104EF50002A64E5 /* CopyFiles */,
			);
			buildRules = (
			);
			dependencies = (
			);
			name = Goonj;
			productInstallPath = "$(HOME)/Applications";
			productName = Goonj;
			productReference = 8D1107320486CEB800E47090 /* Goonj.app */;
			productType = "com.apple.product-type.application";
		};
/* End PBXNativeTarget section */

/* Begin PBXProject section */
		29B97313FDCFA39411CA2CEA /* Project object */ = {
			isa = PBXProject;
			attributes = {
				BuildIndependentTargetsInParallel = YES;
				ORGANIZATIONNAME = "The Goonj Project";
			};
			buildConfigurationList = C01FCF4E08A954540054247B /* Build configuration list for PBXProject "Goonj" */;
			compatibilityVersion = "Xcode 3.2";
			hasScannedForEncodings = 1;
			mainGroup = 29B97314FDCFA39411CA2CEA /* Goonj */;
			projectDirPath = "";
			projectRoot = "";
			targets = (
				8D1107260486CEB800E47090 /* Goonj */,
			);
		};
/* End PBXProject section */

/* Begin PBXResourcesBuildPhase section */
		8D1107290486CEB800E47090 /* Resources */ = {
			isa = PBXResourcesBuildPhase;
			buildActionMask = 2147483647;
			files = (
				8D11072B0486CEB800E47090 /* InfoPlist.strings in Resources */,
				1DDD58160DA1D0A300B32029 /* MainMenu.xib in Resources */,
				638390811058B30000DCE47D /* LICENSE in Resources */,
				638390821058B30000DCE47D /* README in Resources */,
				638392BE1058D9CA00DCE47D /* MainWindow.xib in Resources */,
				C566A013107B1A7F000D322E /* HACKING in Resources */,
				63349B1010B596F4000155E2 /* Preferences.xib in Resources */,
				C551BA7B10B54F2E00174867 /* Credits.html in Resources */,
				C5D6AB5B10ED515200D53F25 /* GStatusBar.png in Resources */,
				C5D6AB5C10ED515200D53F25 /* GStatusBarAlternate.png in Resources */,
				C5DC9B3610F9193C0088381D /* GNextButton.png in Resources */,
				C5DC9B3710F9193C0088381D /* GPlayButton.png in Resources */,
				C5DC9B3810F9193C0088381D /* GPreviousButton.png in Resources */,
				C5E55E931104D70E002A64E5 /* GVolumeHigh.png in Resources */,
				C5E55E941104D70E002A64E5 /* GVolumeLow.png in Resources */,
			);
			runOnlyForDeploymentPostprocessing = 0;
		};
/* End PBXResourcesBuildPhase section */

/* Begin PBXSourcesBuildPhase section */
		8D11072C0486CEB800E47090 /* Sources */ = {
			isa = PBXSourcesBuildPhase;
			buildActionMask = 2147483647;
			files = (
				8D11072D0486CEB800E47090 /* main.m in Sources */,
				638392261058D34C00DCE47D /* GAppController.m in Sources */,
				63274DF6105A0DDD005AC3BA /* GMainWindowController.m in Sources */,
				63ECAFC5105B59A000E635C7 /* GPlaylistViewController.m in Sources */,
				63917FB41062871C00DDF469 /* GTrack.m in Sources */,
				63668AE61084CD0100CC02E5 /* GXSPFPlaylist.m in Sources */,
				63668AE91084CD0A00CC02E5 /* GM3UPlaylist.m in Sources */,
				635CBAB510B675F800D82472 /* GUtilities.m in Sources */,
				C581284F10B80EDF00BBF0F6 /* GPreferencesController.m in Sources */,
				634CADC4110095EF00BFC105 /* GDirectoryWatcher.m in Sources */,
			);
			runOnlyForDeploymentPostprocessing = 0;
		};
/* End PBXSourcesBuildPhase section */

/* Begin PBXVariantGroup section */
		089C165CFE840E0CC02AAC07 /* InfoPlist.strings */ = {
			isa = PBXVariantGroup;
			children = (
				089C165DFE840E0CC02AAC07 /* English */,
			);
			name = InfoPlist.strings;
			sourceTree = "<group>";
		};
		1DDD58140DA1D0A300B32029 /* MainMenu.xib */ = {
			isa = PBXVariantGroup;
			children = (
				1DDD58150DA1D0A300B32029 /* English */,
			);
			name = MainMenu.xib;
			sourceTree = "<group>";
		};
		63349B0F10B596F4000155E2 /* Preferences.xib */ = {
			isa = PBXVariantGroup;
			children = (
				C551B84E10AFE4CC00174867 /* English */,
			);
			name = Preferences.xib;
			sourceTree = "<group>";
		};
		638392BD1058D9CA00DCE47D /* MainWindow.xib */ = {
			isa = PBXVariantGroup;
			children = (
				6383914A1058BE6C00DCE47D /* English */,
			);
			name = MainWindow.xib;
			sourceTree = "<group>";
		};
/* End PBXVariantGroup section */

/* Begin XCBuildConfiguration section */
		C01FCF4B08A954540054247B /* Debug */ = {
			isa = XCBuildConfiguration;
			buildSettings = {
				ALWAYS_SEARCH_USER_PATHS = NO;
				COPY_PHASE_STRIP = NO;
				FRAMEWORK_SEARCH_PATHS = (
					"$(inherited)",
					"\"$(DEVELOPER_FRAMEWORKS_DIR)\"",
					"\"$(SRCROOT)/Frameworks\"",
				);
				GCC_DYNAMIC_NO_PIC = NO;
				GCC_ENABLE_FIX_AND_CONTINUE = YES;
				GCC_MODEL_TUNING = G5;
				GCC_OPTIMIZATION_LEVEL = 0;
				GCC_PRECOMPILE_PREFIX_HEADER = YES;
				GCC_PREFIX_HEADER = Goonj_Prefix.pch;
				INFOPLIST_FILE = Info.plist;
				INSTALL_PATH = "$(HOME)/Applications";
				PRODUCT_NAME = Goonj;
			};
			name = Debug;
		};
		C01FCF4C08A954540054247B /* Release */ = {
			isa = XCBuildConfiguration;
			buildSettings = {
				ALWAYS_SEARCH_USER_PATHS = NO;
				DEBUG_INFORMATION_FORMAT = "dwarf-with-dsym";
				FRAMEWORK_SEARCH_PATHS = (
					"$(inherited)",
					"\"$(DEVELOPER_FRAMEWORKS_DIR)\"",
					"\"$(SRCROOT)/Frameworks\"",
				);
				GCC_MODEL_TUNING = G5;
				GCC_PRECOMPILE_PREFIX_HEADER = YES;
				GCC_PREFIX_HEADER = Goonj_Prefix.pch;
				INFOPLIST_FILE = Info.plist;
				INSTALL_PATH = "$(HOME)/Applications";
				PRODUCT_NAME = Goonj;
			};
			name = Release;
		};
		C01FCF4F08A954540054247B /* Debug */ = {
			isa = XCBuildConfiguration;
			buildSettings = {
				ARCHS = "$(ARCHS_STANDARD_64_BIT)";
				GCC_C_LANGUAGE_STANDARD = c99;
				GCC_ENABLE_OBJC_GC = supported;
				GCC_OPTIMIZATION_LEVEL = 0;
				GCC_WARN_ABOUT_RETURN_TYPE = YES;
				GCC_WARN_UNUSED_VARIABLE = YES;
				ONLY_ACTIVE_ARCH = YES;
				PREBINDING = NO;
				RUN_CLANG_STATIC_ANALYZER = NO;
				SDKROOT = macosx10.5;
				VALID_ARCHS = "i386 x86_64";
			};
			name = Debug;
		};
		C01FCF5008A954540054247B /* Release */ = {
			isa = XCBuildConfiguration;
			buildSettings = {
				ARCHS = "$(ARCHS_STANDARD_64_BIT)";
				GCC_C_LANGUAGE_STANDARD = c99;
				GCC_ENABLE_OBJC_GC = required;
				GCC_WARN_ABOUT_RETURN_TYPE = YES;
				GCC_WARN_UNUSED_VARIABLE = YES;
				ONLY_ACTIVE_ARCH = YES;
				PREBINDING = NO;
				SDKROOT = macosx10.5;
				VALID_ARCHS = "i386 x86_64";
			};
			name = Release;
		};
/* End XCBuildConfiguration section */

/* Begin XCConfigurationList section */
		C01FCF4A08A954540054247B /* Build configuration list for PBXNativeTarget "Goonj" */ = {
			isa = XCConfigurationList;
			buildConfigurations = (
				C01FCF4B08A954540054247B /* Debug */,
				C01FCF4C08A954540054247B /* Release */,
			);
			defaultConfigurationIsVisible = 0;
			defaultConfigurationName = Debug;
		};
		C01FCF4E08A954540054247B /* Build configuration list for PBXProject "Goonj" */ = {
			isa = XCConfigurationList;
			buildConfigurations = (
				C01FCF4F08A954540054247B /* Debug */,
				C01FCF5008A954540054247B /* Release */,
			);
			defaultConfigurationIsVisible = 0;
			defaultConfigurationName = Debug;
		};
/* End XCConfigurationList section */
	};
	rootObject = 29B97313FDCFA39411CA2CEA /* Project object */;
}
